// !$*UTF8*$!
{
	archiveVersion = 1;
	classes = {
	};
	objectVersion = 46;
	objects = {

/* Begin PBXBuildFile section */
		A21ED85D1C30C98F00FC8564 /* main.c in Sources */ = {isa = PBXBuildFile; fileRef = A21ED85C1C30C98F00FC8564 /* main.c */; };
		A21ED8681C30CA6200FC8564 /* IDCLection2Macros.c in Sources */ = {isa = PBXBuildFile; fileRef = A21ED8661C30CA6200FC8564 /* IDCLection2Macros.c */; };
		A23F5E1E1C59095D004458FD /* IDCLection5ObjectArray.c in Sources */ = {isa = PBXBuildFile; fileRef = A23F5E1C1C59095D004458FD /* IDCLection5ObjectArray.c */; };
		A255F0461C45671F00078EEA /* IDCLection5ObjectHuman.c in Sources */ = {isa = PBXBuildFile; fileRef = A255F0441C45671F00078EEA /* IDCLection5ObjectHuman.c */; };
		A255F04A1C45676000078EEA /* IDCLection4BitField.c in Sources */ = {isa = PBXBuildFile; fileRef = A255F0481C45676000078EEA /* IDCLection4BitField.c */; };
		A255F04D1C45676E00078EEA /* IDCLection4BitFieldTest.c in Sources */ = {isa = PBXBuildFile; fileRef = A255F04B1C45676E00078EEA /* IDCLection4BitFieldTest.c */; };
		A255F0501C4567A400078EEA /* IDCLection5ObjectHumanTest.c in Sources */ = {isa = PBXBuildFile; fileRef = A255F04E1C4567A300078EEA /* IDCLection5ObjectHumanTest.c */; };
		A29357D41C32061A000B5C78 /* IDCLection2MacrosTest.c in Sources */ = {isa = PBXBuildFile; fileRef = A29357D21C32061A000B5C78 /* IDCLection2MacrosTest.c */; };
		A29357D81C32076F000B5C78 /* IDCLection3Structure.c in Sources */ = {isa = PBXBuildFile; fileRef = A29357D61C32076F000B5C78 /* IDCLection3Structure.c */; };
		A29357E11C320DB7000B5C78 /* IDCLection3StructureTest.c in Sources */ = {isa = PBXBuildFile; fileRef = A29357DF1C320DB7000B5C78 /* IDCLection3StructureTest.c */; };
		A297F6C31C6214C8006D0294 /* IDCLection5ObjectDynamicArray.c in Sources */ = {isa = PBXBuildFile; fileRef = A297F6C11C6214C8006D0294 /* IDCLection5ObjectDynamicArray.c */; };
		A2BAEA551C503FCD00994E5A /* IDCLection5Object.c in Sources */ = {isa = PBXBuildFile; fileRef = A2BAEA531C503FCD00994E5A /* IDCLection5Object.c */; };
		A2BAEA591C5043BC00994E5A /* IDCLection5Macros.c in Sources */ = {isa = PBXBuildFile; fileRef = A2BAEA571C5043BC00994E5A /* IDCLection5Macros.c */; };
		A2BAEA7E1C543F8C00994E5A /* IDCLection5ObjectString.c in Sources */ = {isa = PBXBuildFile; fileRef = A2BAEA7C1C543F8C00994E5A /* IDCLection5ObjectString.c */; };
/* End PBXBuildFile section */

/* Begin PBXCopyFilesBuildPhase section */
		A21ED8571C30C98F00FC8564 /* CopyFiles */ = {
			isa = PBXCopyFilesBuildPhase;
			buildActionMask = 2147483647;
			dstPath = /usr/share/man/man1/;
			dstSubfolderSpec = 0;
			files = (
			);
			runOnlyForDeploymentPostprocessing = 1;
		};
/* End PBXCopyFilesBuildPhase section */

/* Begin PBXFileReference section */
		A21ED8591C30C98F00FC8564 /* IDC GitHub */ = {isa = PBXFileReference; explicitFileType = "compiled.mach-o.executable"; includeInIndex = 0; path = "IDC GitHub"; sourceTree = BUILT_PRODUCTS_DIR; };
		A21ED85C1C30C98F00FC8564 /* main.c */ = {isa = PBXFileReference; lastKnownFileType = sourcecode.c.c; path = main.c; sourceTree = "<group>"; };
		A21ED8661C30CA6200FC8564 /* IDCLection2Macros.c */ = {isa = PBXFileReference; fileEncoding = 4; lastKnownFileType = sourcecode.c.c; name = IDCLection2Macros.c; path = SRC/IDCLection2Macros/IDCLection2Macros.c; sourceTree = "<group>"; };
		A21ED8671C30CA6200FC8564 /* IDCLection2Macros.h */ = {isa = PBXFileReference; fileEncoding = 4; lastKnownFileType = sourcecode.c.h; name = IDCLection2Macros.h; path = SRC/IDCLection2Macros/IDCLection2Macros.h; sourceTree = "<group>"; };
		A23F5E1C1C59095D004458FD /* IDCLection5ObjectArray.c */ = {isa = PBXFileReference; fileEncoding = 4; lastKnownFileType = sourcecode.c.c; name = IDCLection5ObjectArray.c; path = SRC/IDCLection5ObjectArray/IDCLection5ObjectArray.c; sourceTree = "<group>"; };
		A23F5E1D1C59095D004458FD /* IDCLection5ObjectArray.h */ = {isa = PBXFileReference; fileEncoding = 4; lastKnownFileType = sourcecode.c.h; name = IDCLection5ObjectArray.h; path = SRC/IDCLection5ObjectArray/IDCLection5ObjectArray.h; sourceTree = "<group>"; };
		A255F0441C45671F00078EEA /* IDCLection5ObjectHuman.c */ = {isa = PBXFileReference; fileEncoding = 4; lastKnownFileType = sourcecode.c.c; name = IDCLection5ObjectHuman.c; path = SRC/IDCLection5ObjectHuman/IDCLection5ObjectHuman.c; sourceTree = "<group>"; };
		A255F0451C45671F00078EEA /* IDCLection5ObjectHuman.h */ = {isa = PBXFileReference; fileEncoding = 4; lastKnownFileType = sourcecode.c.h; name = IDCLection5ObjectHuman.h; path = SRC/IDCLection5ObjectHuman/IDCLection5ObjectHuman.h; sourceTree = "<group>"; };
		A255F0481C45676000078EEA /* IDCLection4BitField.c */ = {isa = PBXFileReference; fileEncoding = 4; lastKnownFileType = sourcecode.c.c; name = IDCLection4BitField.c; path = SRC/IDCLection4BitField/IDCLection4BitField.c; sourceTree = "<group>"; };
		A255F0491C45676000078EEA /* IDCLection4BitField.h */ = {isa = PBXFileReference; fileEncoding = 4; lastKnownFileType = sourcecode.c.h; name = IDCLection4BitField.h; path = SRC/IDCLection4BitField/IDCLection4BitField.h; sourceTree = "<group>"; };
		A255F04B1C45676E00078EEA /* IDCLection4BitFieldTest.c */ = {isa = PBXFileReference; fileEncoding = 4; lastKnownFileType = sourcecode.c.c; name = IDCLection4BitFieldTest.c; path = Test/IDCLection4BitFieldTest/IDCLection4BitFieldTest.c; sourceTree = "<group>"; };
		A255F04C1C45676E00078EEA /* IDCLection4BitFieldTest.h */ = {isa = PBXFileReference; fileEncoding = 4; lastKnownFileType = sourcecode.c.h; name = IDCLection4BitFieldTest.h; path = Test/IDCLection4BitFieldTest/IDCLection4BitFieldTest.h; sourceTree = "<group>"; };
		A255F04E1C4567A300078EEA /* IDCLection5ObjectHumanTest.c */ = {isa = PBXFileReference; fileEncoding = 4; lastKnownFileType = sourcecode.c.c; name = IDCLection5ObjectHumanTest.c; path = Test/IDCLection5ObjectHumanTest/IDCLection5ObjectHumanTest.c; sourceTree = "<group>"; };
		A255F04F1C4567A300078EEA /* IDCLection5ObjectHumanTest.h */ = {isa = PBXFileReference; fileEncoding = 4; lastKnownFileType = sourcecode.c.h; name = IDCLection5ObjectHumanTest.h; path = Test/IDCLection5ObjectHumanTest/IDCLection5ObjectHumanTest.h; sourceTree = "<group>"; };
		A29357D21C32061A000B5C78 /* IDCLection2MacrosTest.c */ = {isa = PBXFileReference; fileEncoding = 4; lastKnownFileType = sourcecode.c.c; name = IDCLection2MacrosTest.c; path = Test/IDCLection2MacrosTest/IDCLection2MacrosTest.c; sourceTree = "<group>"; };
		A29357D31C32061A000B5C78 /* IDCLection2MacrosTest.h */ = {isa = PBXFileReference; fileEncoding = 4; lastKnownFileType = sourcecode.c.h; name = IDCLection2MacrosTest.h; path = Test/IDCLection2MacrosTest/IDCLection2MacrosTest.h; sourceTree = "<group>"; };
		A29357D61C32076F000B5C78 /* IDCLection3Structure.c */ = {isa = PBXFileReference; fileEncoding = 4; lastKnownFileType = sourcecode.c.c; name = IDCLection3Structure.c; path = SRC/IDCLection3Structure/IDCLection3Structure.c; sourceTree = "<group>"; };
		A29357D71C32076F000B5C78 /* IDCLection3Structure.h */ = {isa = PBXFileReference; fileEncoding = 4; lastKnownFileType = sourcecode.c.h; name = IDCLection3Structure.h; path = SRC/IDCLection3Structure/IDCLection3Structure.h; sourceTree = "<group>"; };
		A29357DF1C320DB7000B5C78 /* IDCLection3StructureTest.c */ = {isa = PBXFileReference; fileEncoding = 4; lastKnownFileType = sourcecode.c.c; name = IDCLection3StructureTest.c; path = Test/IDCLection3StructureTest/IDCLection3StructureTest.c; sourceTree = "<group>"; };
		A29357E01C320DB7000B5C78 /* IDCLection3StructureTest.h */ = {isa = PBXFileReference; fileEncoding = 4; lastKnownFileType = sourcecode.c.h; name = IDCLection3StructureTest.h; path = Test/IDCLection3StructureTest/IDCLection3StructureTest.h; sourceTree = "<group>"; };
		A297F6C11C6214C8006D0294 /* IDCLection5ObjectDynamicArray.c */ = {isa = PBXFileReference; fileEncoding = 4; lastKnownFileType = sourcecode.c.c; name = IDCLection5ObjectDynamicArray.c; path = SRC/IDCLection5ObjectDynamicArray/IDCLection5ObjectDynamicArray.c; sourceTree = "<group>"; };
		A297F6C21C6214C8006D0294 /* IDCLection5ObjectDynamicArray.h */ = {isa = PBXFileReference; fileEncoding = 4; lastKnownFileType = sourcecode.c.h; name = IDCLection5ObjectDynamicArray.h; path = SRC/IDCLection5ObjectDynamicArray/IDCLection5ObjectDynamicArray.h; sourceTree = "<group>"; };
		A2BAEA531C503FCD00994E5A /* IDCLection5Object.c */ = {isa = PBXFileReference; fileEncoding = 4; lastKnownFileType = sourcecode.c.c; name = IDCLection5Object.c; path = SRC/IDCLection5Object/IDCLection5Object.c; sourceTree = "<group>"; };
		A2BAEA541C503FCD00994E5A /* IDCLection5Object.h */ = {isa = PBXFileReference; fileEncoding = 4; lastKnownFileType = sourcecode.c.h; name = IDCLection5Object.h; path = SRC/IDCLection5Object/IDCLection5Object.h; sourceTree = "<group>"; };
		A2BAEA571C5043BC00994E5A /* IDCLection5Macros.c */ = {isa = PBXFileReference; fileEncoding = 4; lastKnownFileType = sourcecode.c.c; name = IDCLection5Macros.c; path = SRC/IDCLection5Macro/IDCLection5Macros.c; sourceTree = "<group>"; };
		A2BAEA581C5043BC00994E5A /* IDCLection5Macros.h */ = {isa = PBXFileReference; fileEncoding = 4; lastKnownFileType = sourcecode.c.h; name = IDCLection5Macros.h; path = SRC/IDCLection5Macro/IDCLection5Macros.h; sourceTree = "<group>"; };
		A2BAEA7C1C543F8C00994E5A /* IDCLection5ObjectString.c */ = {isa = PBXFileReference; fileEncoding = 4; lastKnownFileType = sourcecode.c.c; name = IDCLection5ObjectString.c; path = SRC/IDCLection5ObjectString/IDCLection5ObjectString.c; sourceTree = "<group>"; };
		A2BAEA7D1C543F8C00994E5A /* IDCLection5ObjectString.h */ = {isa = PBXFileReference; fileEncoding = 4; lastKnownFileType = sourcecode.c.h; name = IDCLection5ObjectString.h; path = SRC/IDCLection5ObjectString/IDCLection5ObjectString.h; sourceTree = "<group>"; };
/* End PBXFileReference section */

/* Begin PBXFrameworksBuildPhase section */
		A21ED8561C30C98F00FC8564 /* Frameworks */ = {
			isa = PBXFrameworksBuildPhase;
			buildActionMask = 2147483647;
			files = (
			);
			runOnlyForDeploymentPostprocessing = 0;
		};
/* End PBXFrameworksBuildPhase section */

/* Begin PBXGroup section */
		A21DBDE91C3AD1D000093B04 /* IDCLection4BitField */ = {
			isa = PBXGroup;
			children = (
				A255F0481C45676000078EEA /* IDCLection4BitField.c */,
				A255F0491C45676000078EEA /* IDCLection4BitField.h */,
			);
			name = IDCLection4BitField;
			sourceTree = "<group>";
		};
		A21DBDEA1C3AD21400093B04 /* IDCLection4BitFieldTest */ = {
			isa = PBXGroup;
			children = (
				A255F04B1C45676E00078EEA /* IDCLection4BitFieldTest.c */,
				A255F04C1C45676E00078EEA /* IDCLection4BitFieldTest.h */,
			);
			name = IDCLection4BitFieldTest;
			sourceTree = "<group>";
		};
		A21ED8501C30C98F00FC8564 = {
			isa = PBXGroup;
			children = (
				A21ED85B1C30C98F00FC8564 /* IDC GitHub */,
				A21ED85A1C30C98F00FC8564 /* Products */,
			);
			sourceTree = "<group>";
		};
		A21ED85A1C30C98F00FC8564 /* Products */ = {
			isa = PBXGroup;
			children = (
				A21ED8591C30C98F00FC8564 /* IDC GitHub */,
			);
			name = Products;
			sourceTree = "<group>";
		};
		A21ED85B1C30C98F00FC8564 /* IDC GitHub */ = {
			isa = PBXGroup;
			children = (
				A21ED8641C30CA1900FC8564 /* SRC */,
				A21ED8631C30CA1300FC8564 /* Test */,
				A21ED85C1C30C98F00FC8564 /* main.c */,
			);
			path = "IDC GitHub";
			sourceTree = "<group>";
		};
		A21ED8631C30CA1300FC8564 /* Test */ = {
			isa = PBXGroup;
			children = (
				A255F0511C4567A900078EEA /* IDCLection5ObjectHumanTest */,
				A21DBDEA1C3AD21400093B04 /* IDCLection4BitFieldTest */,
				A29357DA1C320D62000B5C78 /* IDCLection3StructureTest */,
				A29357D91C320D2E000B5C78 /* IDCLection2MacrosTest */,
			);
			name = Test;
			sourceTree = "<group>";
		};
		A21ED8641C30CA1900FC8564 /* SRC */ = {
			isa = PBXGroup;
			children = (
				A297F6C01C621484006D0294 /* IDCLection5ObjectDynamicArray */,
				A23F5E1B1C59091F004458FD /* IDCLection5ObjectArray */,
				A2BAEA5B1C543F2A00994E5A /* IDCLection5ObjectString */,
				A2BAEA5A1C5043CF00994E5A /* IDCLection5Macros */,
				A2BAEA561C503FD100994E5A /* IDCLection5Object */,
				A255F0471C45672E00078EEA /* IDCLection5ObjectHuman */,
				A21DBDE91C3AD1D000093B04 /* IDCLection4BitField */,
				A29357D51C32074D000B5C78 /* IDCLection3Structure */,
				A21ED8651C30CA1E00FC8564 /* IDCLection2Macros */,
			);
			name = SRC;
			sourceTree = "<group>";
		};
		A21ED8651C30CA1E00FC8564 /* IDCLection2Macros */ = {
			isa = PBXGroup;
			children = (
				A21ED8661C30CA6200FC8564 /* IDCLection2Macros.c */,
				A21ED8671C30CA6200FC8564 /* IDCLection2Macros.h */,
			);
			name = IDCLection2Macros;
			sourceTree = "<group>";
		};
		A23F5E1B1C59091F004458FD /* IDCLection5ObjectArray */ = {
			isa = PBXGroup;
			children = (
				A23F5E1C1C59095D004458FD /* IDCLection5ObjectArray.c */,
				A23F5E1D1C59095D004458FD /* IDCLection5ObjectArray.h */,
			);
			name = IDCLection5ObjectArray;
			sourceTree = "<group>";
		};
		A255F0471C45672E00078EEA /* IDCLection5ObjectHuman */ = {
			isa = PBXGroup;
			children = (
				A255F0441C45671F00078EEA /* IDCLection5ObjectHuman.c */,
				A255F0451C45671F00078EEA /* IDCLection5ObjectHuman.h */,
			);
			name = IDCLection5ObjectHuman;
			sourceTree = "<group>";
		};
		A255F0511C4567A900078EEA /* IDCLection5ObjectHumanTest */ = {
			isa = PBXGroup;
			children = (
				A255F04E1C4567A300078EEA /* IDCLection5ObjectHumanTest.c */,
				A255F04F1C4567A300078EEA /* IDCLection5ObjectHumanTest.h */,
			);
			name = IDCLection5ObjectHumanTest;
			sourceTree = "<group>";
		};
		A29357D51C32074D000B5C78 /* IDCLection3Structure */ = {
			isa = PBXGroup;
			children = (
				A29357D61C32076F000B5C78 /* IDCLection3Structure.c */,
				A29357D71C32076F000B5C78 /* IDCLection3Structure.h */,
			);
			name = IDCLection3Structure;
			sourceTree = "<group>";
		};
		A29357D91C320D2E000B5C78 /* IDCLection2MacrosTest */ = {
			isa = PBXGroup;
			children = (
				A29357D21C32061A000B5C78 /* IDCLection2MacrosTest.c */,
				A29357D31C32061A000B5C78 /* IDCLection2MacrosTest.h */,
			);
			name = IDCLection2MacrosTest;
			sourceTree = "<group>";
		};
		A29357DA1C320D62000B5C78 /* IDCLection3StructureTest */ = {
			isa = PBXGroup;
			children = (
				A29357DF1C320DB7000B5C78 /* IDCLection3StructureTest.c */,
				A29357E01C320DB7000B5C78 /* IDCLection3StructureTest.h */,
			);
			name = IDCLection3StructureTest;
			sourceTree = "<group>";
		};
		A297F6C01C621484006D0294 /* IDCLection5ObjectDynamicArray */ = {
			isa = PBXGroup;
			children = (
				A297F6C11C6214C8006D0294 /* IDCLection5ObjectDynamicArray.c */,
				A297F6C21C6214C8006D0294 /* IDCLection5ObjectDynamicArray.h */,
			);
			name = IDCLection5ObjectDynamicArray;
			sourceTree = "<group>";
		};
		A2BAEA561C503FD100994E5A /* IDCLection5Object */ = {
			isa = PBXGroup;
			children = (
				A2BAEA541C503FCD00994E5A /* IDCLection5Object.h */,
				A2BAEA531C503FCD00994E5A /* IDCLection5Object.c */,
			);
			name = IDCLection5Object;
			sourceTree = "<group>";
		};
		A2BAEA5A1C5043CF00994E5A /* IDCLection5Macros */ = {
			isa = PBXGroup;
			children = (
				A2BAEA571C5043BC00994E5A /* IDCLection5Macros.c */,
				A2BAEA581C5043BC00994E5A /* IDCLection5Macros.h */,
			);
			name = IDCLection5Macros;
			sourceTree = "<group>";
		};
		A2BAEA5B1C543F2A00994E5A /* IDCLection5ObjectString */ = {
			isa = PBXGroup;
			children = (
				A2BAEA7C1C543F8C00994E5A /* IDCLection5ObjectString.c */,
				A2BAEA7D1C543F8C00994E5A /* IDCLection5ObjectString.h */,
			);
			name = IDCLection5ObjectString;
			sourceTree = "<group>";
		};
/* End PBXGroup section */

/* Begin PBXNativeTarget section */
		A21ED8581C30C98F00FC8564 /* IDC GitHub */ = {
			isa = PBXNativeTarget;
			buildConfigurationList = A21ED8601C30C98F00FC8564 /* Build configuration list for PBXNativeTarget "IDC GitHub" */;
			buildPhases = (
				A21ED8551C30C98F00FC8564 /* Sources */,
				A21ED8561C30C98F00FC8564 /* Frameworks */,
				A21ED8571C30C98F00FC8564 /* CopyFiles */,
			);
			buildRules = (
			);
			dependencies = (
			);
			name = "IDC GitHub";
			productName = "IDC GitHub";
			productReference = A21ED8591C30C98F00FC8564 /* IDC GitHub */;
			productType = "com.apple.product-type.tool";
		};
/* End PBXNativeTarget section */

/* Begin PBXProject section */
		A21ED8511C30C98F00FC8564 /* Project object */ = {
			isa = PBXProject;
			attributes = {
				LastUpgradeCheck = 0720;
				ORGANIZATIONNAME = "Alexandr Altukhov";
				TargetAttributes = {
					A21ED8581C30C98F00FC8564 = {
						CreatedOnToolsVersion = 7.2;
					};
				};
			};
			buildConfigurationList = A21ED8541C30C98F00FC8564 /* Build configuration list for PBXProject "IDC GitHub" */;
			compatibilityVersion = "Xcode 3.2";
			developmentRegion = English;
			hasScannedForEncodings = 0;
			knownRegions = (
				en,
			);
			mainGroup = A21ED8501C30C98F00FC8564;
			productRefGroup = A21ED85A1C30C98F00FC8564 /* Products */;
			projectDirPath = "";
			projectRoot = "";
			targets = (
				A21ED8581C30C98F00FC8564 /* IDC GitHub */,
			);
		};
/* End PBXProject section */

/* Begin PBXSourcesBuildPhase section */
		A21ED8551C30C98F00FC8564 /* Sources */ = {
			isa = PBXSourcesBuildPhase;
			buildActionMask = 2147483647;
			files = (
				A29357E11C320DB7000B5C78 /* IDCLection3StructureTest.c in Sources */,
				A2BAEA591C5043BC00994E5A /* IDCLection5Macros.c in Sources */,
				A23F5E1E1C59095D004458FD /* IDCLection5ObjectArray.c in Sources */,
				A21ED85D1C30C98F00FC8564 /* main.c in Sources */,
				A29357D81C32076F000B5C78 /* IDCLection3Structure.c in Sources */,
				A255F0501C4567A400078EEA /* IDCLection5ObjectHumanTest.c in Sources */,
				A255F0461C45671F00078EEA /* IDCLection5ObjectHuman.c in Sources */,
				A255F04A1C45676000078EEA /* IDCLection4BitField.c in Sources */,
				A2BAEA551C503FCD00994E5A /* IDCLection5Object.c in Sources */,
				A21ED8681C30CA6200FC8564 /* IDCLection2Macros.c in Sources */,
				A297F6C31C6214C8006D0294 /* IDCLection5ObjectDynamicArray.c in Sources */,
				A29357D41C32061A000B5C78 /* IDCLection2MacrosTest.c in Sources */,
				A255F04D1C45676E00078EEA /* IDCLection4BitFieldTest.c in Sources */,
				A2BAEA7E1C543F8C00994E5A /* IDCLection5ObjectString.c in Sources */,
			);
			runOnlyForDeploymentPostprocessing = 0;
		};
/* End PBXSourcesBuildPhase section */

/* Begin XCBuildConfiguration section */
		A21ED85E1C30C98F00FC8564 /* Debug */ = {
			isa = XCBuildConfiguration;
			buildSettings = {
				ALWAYS_SEARCH_USER_PATHS = NO;
				CLANG_CXX_LANGUAGE_STANDARD = "gnu++0x";
				CLANG_CXX_LIBRARY = "libc++";
				CLANG_ENABLE_MODULES = YES;
				CLANG_ENABLE_OBJC_ARC = YES;
				CLANG_WARN_BOOL_CONVERSION = YES;
				CLANG_WARN_CONSTANT_CONVERSION = YES;
				CLANG_WARN_DIRECT_OBJC_ISA_USAGE = YES_ERROR;
				CLANG_WARN_EMPTY_BODY = YES;
				CLANG_WARN_ENUM_CONVERSION = YES;
				CLANG_WARN_INT_CONVERSION = YES;
				CLANG_WARN_OBJC_ROOT_CLASS = YES_ERROR;
				CLANG_WARN_UNREACHABLE_CODE = YES;
				CLANG_WARN__DUPLICATE_METHOD_MATCH = YES;
				CODE_SIGN_IDENTITY = "-";
				COPY_PHASE_STRIP = NO;
				DEBUG_INFORMATION_FORMAT = dwarf;
				ENABLE_STRICT_OBJC_MSGSEND = YES;
				ENABLE_TESTABILITY = YES;
				GCC_C_LANGUAGE_STANDARD = gnu99;
				GCC_DYNAMIC_NO_PIC = NO;
				GCC_NO_COMMON_BLOCKS = YES;
				GCC_OPTIMIZATION_LEVEL = 0;
				GCC_PREPROCESSOR_DEFINITIONS = (
					"DEBUG=1",
					"$(inherited)",
				);
				GCC_WARN_64_TO_32_BIT_CONVERSION = YES;
				GCC_WARN_ABOUT_RETURN_TYPE = YES_ERROR;
				GCC_WARN_UNDECLARED_SELECTOR = YES;
				GCC_WARN_UNINITIALIZED_AUTOS = YES_AGGRESSIVE;
				GCC_WARN_UNUSED_FUNCTION = YES;
				GCC_WARN_UNUSED_VARIABLE = YES;
				MACOSX_DEPLOYMENT_TARGET = 10.11;
				MTL_ENABLE_DEBUG_INFO = YES;
				ONLY_ACTIVE_ARCH = YES;
				SDKROOT = macosx;
			};
			name = Debug;
		};
		A21ED85F1C30C98F00FC8564 /* Release */ = {
			isa = XCBuildConfiguration;
			buildSettings = {
				ALWAYS_SEARCH_USER_PATHS = NO;
				CLANG_CXX_LANGUAGE_STANDARD = "gnu++0x";
				CLANG_CXX_LIBRARY = "libc++";
				CLANG_ENABLE_MODULES = YES;
				CLANG_ENABLE_OBJC_ARC = YES;
				CLANG_WARN_BOOL_CONVERSION = YES;
				CLANG_WARN_CONSTANT_CONVERSION = YES;
				CLANG_WARN_DIRECT_OBJC_ISA_USAGE = YES_ERROR;
				CLANG_WARN_EMPTY_BODY = YES;
				CLANG_WARN_ENUM_CONVERSION = YES;
				CLANG_WARN_INT_CONVERSION = YES;
				CLANG_WARN_OBJC_ROOT_CLASS = YES_ERROR;
				CLANG_WARN_UNREACHABLE_CODE = YES;
				CLANG_WARN__DUPLICATE_METHOD_MATCH = YES;
				CODE_SIGN_IDENTITY = "-";
				COPY_PHASE_STRIP = NO;
				DEBUG_INFORMATION_FORMAT = "dwarf-with-dsym";
				ENABLE_NS_ASSERTIONS = NO;
				ENABLE_STRICT_OBJC_MSGSEND = YES;
				GCC_C_LANGUAGE_STANDARD = gnu99;
				GCC_NO_COMMON_BLOCKS = YES;
				GCC_WARN_64_TO_32_BIT_CONVERSION = YES;
				GCC_WARN_ABOUT_RETURN_TYPE = YES_ERROR;
				GCC_WARN_UNDECLARED_SELECTOR = YES;
				GCC_WARN_UNINITIALIZED_AUTOS = YES_AGGRESSIVE;
				GCC_WARN_UNUSED_FUNCTION = YES;
				GCC_WARN_UNUSED_VARIABLE = YES;
				MACOSX_DEPLOYMENT_TARGET = 10.11;
				MTL_ENABLE_DEBUG_INFO = NO;
				ONLY_ACTIVE_ARCH = NO;
				SDKROOT = macosx;
			};
			name = Release;
		};
		A21ED8611C30C98F00FC8564 /* Debug */ = {
			isa = XCBuildConfiguration;
			buildSettings = {
				PRODUCT_NAME = "$(TARGET_NAME)";
			};
			name = Debug;
		};
		A21ED8621C30C98F00FC8564 /* Release */ = {
			isa = XCBuildConfiguration;
			buildSettings = {
				PRODUCT_NAME = "$(TARGET_NAME)";
			};
			name = Release;
		};
/* End XCBuildConfiguration section */

/* Begin XCConfigurationList section */
		A21ED8541C30C98F00FC8564 /* Build configuration list for PBXProject "IDC GitHub" */ = {
			isa = XCConfigurationList;
			buildConfigurations = (
				A21ED85E1C30C98F00FC8564 /* Debug */,
				A21ED85F1C30C98F00FC8564 /* Release */,
			);
			defaultConfigurationIsVisible = 0;
			defaultConfigurationName = Release;
		};
		A21ED8601C30C98F00FC8564 /* Build configuration list for PBXNativeTarget "IDC GitHub" */ = {
			isa = XCConfigurationList;
			buildConfigurations = (
				A21ED8611C30C98F00FC8564 /* Debug */,
				A21ED8621C30C98F00FC8564 /* Release */,
			);
			defaultConfigurationIsVisible = 0;
			defaultConfigurationName = Release;
		};
/* End XCConfigurationList section */
	};
	rootObject = A21ED8511C30C98F00FC8564 /* Project object */;
}
