<?xml version="1.0" encoding="UTF-8"?>
<!DOCTYPE plist PUBLIC "-//Apple//DTD PLIST 1.0//EN" "http://www.apple.com/DTDs/PropertyList-1.0.dtd">
<plist version="1.0">
<dict>
	<key>archiveVersion</key>
	<string>1</string>
	<key>classes</key>
	<dict/>
	<key>objectVersion</key>
	<string>46</string>
	<key>objects</key>
	<dict>
		<key>1299ADA0409DEADB59402116</key>
		<dict>
			<key>includeInIndex</key>
			<string>1</string>
			<key>isa</key>
			<string>PBXFileReference</string>
			<key>lastKnownFileType</key>
			<string>text.xcconfig</string>
			<key>name</key>
			<string>Pods-ObjC.release.xcconfig</string>
			<key>path</key>
			<string>Pods/Target Support Files/Pods-ObjC/Pods-ObjC.release.xcconfig</string>
			<key>sourceTree</key>
			<string>&lt;group&gt;</string>
		</dict>
		<key>2CF828E41CF17E882A2B507C</key>
		<dict>
			<key>fileRef</key>
			<string>316C3F9D9E6ED2C268E623C8</string>
			<key>isa</key>
			<string>PBXBuildFile</string>
		</dict>
		<key>2F21D58956400CC23D8F30E8</key>
		<dict>
			<key>children</key>
			<array>
				<string>316C3F9D9E6ED2C268E623C8</string>
			</array>
			<key>isa</key>
			<string>PBXGroup</string>
			<key>name</key>
			<string>Frameworks</string>
			<key>sourceTree</key>
			<string>&lt;group&gt;</string>
		</dict>
		<key>316C3F9D9E6ED2C268E623C8</key>
		<dict>
			<key>explicitFileType</key>
			<string>archive.ar</string>
			<key>includeInIndex</key>
			<string>0</string>
			<key>isa</key>
			<string>PBXFileReference</string>
			<key>path</key>
			<string>libPods-ObjC.a</string>
			<key>sourceTree</key>
			<string>BUILT_PRODUCTS_DIR</string>
		</dict>
		<key>975EA0B4D3354617DE54A2DA</key>
		<dict>
			<key>buildActionMask</key>
			<string>2147483647</string>
			<key>files</key>
			<array/>
			<key>inputPaths</key>
			<array/>
			<key>isa</key>
			<string>PBXShellScriptBuildPhase</string>
			<key>name</key>
			<string>Copy Pods Resources</string>
			<key>outputPaths</key>
			<array/>
			<key>runOnlyForDeploymentPostprocessing</key>
			<string>0</string>
			<key>shellPath</key>
			<string>/bin/sh</string>
			<key>shellScript</key>
			<string>"${SRCROOT}/Pods/Target Support Files/Pods-ObjC/Pods-ObjC-resources.sh"
</string>
			<key>showEnvVarsInLog</key>
			<string>0</string>
		</dict>
		<key>A21ED8501C30C98F00FC8564</key>
		<dict>
			<key>children</key>
			<array>
				<string>A28602241C760884000E6ED0</string>
				<string>A286021E1C76080F000E6ED0</string>
				<string>A27817E11CA9CB7F00D65B37</string>
				<string>A21ED85A1C30C98F00FC8564</string>
				<string>F128CE84037F95DD103A0FE8</string>
				<string>2F21D58956400CC23D8F30E8</string>
			</array>
			<key>isa</key>
			<string>PBXGroup</string>
			<key>sourceTree</key>
			<string>&lt;group&gt;</string>
		</dict>
		<key>A21ED8511C30C98F00FC8564</key>
		<dict>
			<key>attributes</key>
			<dict>
				<key>LastUpgradeCheck</key>
				<string>0730</string>
				<key>ORGANIZATIONNAME</key>
				<string>Alexandr Altukhov</string>
				<key>TargetAttributes</key>
				<dict>
					<key>A21ED8581C30C98F00FC8564</key>
					<dict>
						<key>CreatedOnToolsVersion</key>
						<string>7.2</string>
					</dict>
					<key>A27817DF1CA9CB7F00D65B37</key>
					<dict>
						<key>CreatedOnToolsVersion</key>
						<string>7.3</string>
					</dict>
					<key>A286021C1C76080F000E6ED0</key>
					<dict>
						<key>CreatedOnToolsVersion</key>
						<string>7.2.1</string>
					</dict>
				</dict>
			</dict>
			<key>buildConfigurationList</key>
			<string>A21ED8541C30C98F00FC8564</string>
			<key>compatibilityVersion</key>
			<string>Xcode 3.2</string>
			<key>developmentRegion</key>
			<string>English</string>
			<key>hasScannedForEncodings</key>
			<string>0</string>
			<key>isa</key>
			<string>PBXProject</string>
			<key>knownRegions</key>
			<array>
				<string>en</string>
			</array>
			<key>mainGroup</key>
			<string>A21ED8501C30C98F00FC8564</string>
			<key>productRefGroup</key>
			<string>A21ED85A1C30C98F00FC8564</string>
			<key>projectDirPath</key>
			<string></string>
			<key>projectReferences</key>
			<array/>
			<key>projectRoot</key>
			<string></string>
			<key>targets</key>
			<array>
				<string>A21ED8581C30C98F00FC8564</string>
				<string>A286021C1C76080F000E6ED0</string>
				<string>A27817DF1CA9CB7F00D65B37</string>
			</array>
		</dict>
		<key>A21ED8541C30C98F00FC8564</key>
		<dict>
			<key>buildConfigurations</key>
			<array>
				<string>A21ED85E1C30C98F00FC8564</string>
				<string>A21ED85F1C30C98F00FC8564</string>
			</array>
			<key>defaultConfigurationIsVisible</key>
			<string>0</string>
			<key>defaultConfigurationName</key>
			<string>Release</string>
			<key>isa</key>
			<string>XCConfigurationList</string>
		</dict>
		<key>A21ED8551C30C98F00FC8564</key>
		<dict>
			<key>buildActionMask</key>
			<string>2147483647</string>
			<key>files</key>
			<array>
				<string>A286026C1C760884000E6ED0</string>
				<string>A28602671C760884000E6ED0</string>
				<string>A286025E1C760884000E6ED0</string>
				<string>A28602641C760884000E6ED0</string>
				<string>A28602681C760884000E6ED0</string>
				<string>A286025C1C760884000E6ED0</string>
				<string>A286026A1C760884000E6ED0</string>
				<string>A28602611C760884000E6ED0</string>
				<string>A28602631C760884000E6ED0</string>
				<string>A28602691C760884000E6ED0</string>
				<string>A286025D1C760884000E6ED0</string>
				<string>A28602651C760884000E6ED0</string>
				<string>A286025F1C760884000E6ED0</string>
				<string>A28602661C760884000E6ED0</string>
				<string>A28602621C760884000E6ED0</string>
				<string>A28602601C760884000E6ED0</string>
				<string>A286026B1C760884000E6ED0</string>
			</array>
			<key>isa</key>
			<string>PBXSourcesBuildPhase</string>
			<key>runOnlyForDeploymentPostprocessing</key>
			<string>0</string>
		</dict>
		<key>A21ED8561C30C98F00FC8564</key>
		<dict>
			<key>buildActionMask</key>
			<string>2147483647</string>
			<key>files</key>
			<array/>
			<key>isa</key>
			<string>PBXFrameworksBuildPhase</string>
			<key>runOnlyForDeploymentPostprocessing</key>
			<string>0</string>
		</dict>
		<key>A21ED8571C30C98F00FC8564</key>
		<dict>
			<key>buildActionMask</key>
			<string>2147483647</string>
			<key>dstPath</key>
			<string>/usr/share/man/man1/</string>
			<key>dstSubfolderSpec</key>
			<string>0</string>
			<key>files</key>
			<array/>
			<key>isa</key>
			<string>PBXCopyFilesBuildPhase</string>
			<key>runOnlyForDeploymentPostprocessing</key>
			<string>1</string>
		</dict>
		<key>A21ED8581C30C98F00FC8564</key>
		<dict>
			<key>buildConfigurationList</key>
			<string>A21ED8601C30C98F00FC8564</string>
			<key>buildPhases</key>
			<array>
				<string>A21ED8551C30C98F00FC8564</string>
				<string>A21ED8561C30C98F00FC8564</string>
				<string>A21ED8571C30C98F00FC8564</string>
			</array>
			<key>buildRules</key>
			<array/>
			<key>dependencies</key>
			<array/>
			<key>isa</key>
			<string>PBXNativeTarget</string>
			<key>name</key>
			<string>C</string>
			<key>productName</key>
			<string>IDC GitHub</string>
			<key>productReference</key>
			<string>A21ED8591C30C98F00FC8564</string>
			<key>productType</key>
			<string>com.apple.product-type.tool</string>
		</dict>
		<key>A21ED8591C30C98F00FC8564</key>
		<dict>
			<key>explicitFileType</key>
			<string>compiled.mach-o.executable</string>
			<key>includeInIndex</key>
			<string>0</string>
			<key>isa</key>
			<string>PBXFileReference</string>
			<key>path</key>
			<string>C</string>
			<key>sourceTree</key>
			<string>BUILT_PRODUCTS_DIR</string>
		</dict>
		<key>A21ED85A1C30C98F00FC8564</key>
		<dict>
			<key>children</key>
			<array>
				<string>A21ED8591C30C98F00FC8564</string>
				<string>A286021D1C76080F000E6ED0</string>
				<string>A27817E01CA9CB7F00D65B37</string>
			</array>
			<key>isa</key>
			<string>PBXGroup</string>
			<key>name</key>
			<string>Products</string>
			<key>sourceTree</key>
			<string>&lt;group&gt;</string>
		</dict>
		<key>A21ED85E1C30C98F00FC8564</key>
		<dict>
			<key>buildSettings</key>
			<dict>
				<key>ALWAYS_SEARCH_USER_PATHS</key>
				<string>NO</string>
				<key>CLANG_CXX_LANGUAGE_STANDARD</key>
				<string>gnu++0x</string>
				<key>CLANG_CXX_LIBRARY</key>
				<string>libc++</string>
				<key>CLANG_ENABLE_MODULES</key>
				<string>YES</string>
				<key>CLANG_ENABLE_OBJC_ARC</key>
				<string>YES</string>
				<key>CLANG_WARN_BOOL_CONVERSION</key>
				<string>YES</string>
				<key>CLANG_WARN_CONSTANT_CONVERSION</key>
				<string>YES</string>
				<key>CLANG_WARN_DIRECT_OBJC_ISA_USAGE</key>
				<string>YES_ERROR</string>
				<key>CLANG_WARN_EMPTY_BODY</key>
				<string>YES</string>
				<key>CLANG_WARN_ENUM_CONVERSION</key>
				<string>YES</string>
				<key>CLANG_WARN_INT_CONVERSION</key>
				<string>YES</string>
				<key>CLANG_WARN_OBJC_ROOT_CLASS</key>
				<string>YES_ERROR</string>
				<key>CLANG_WARN_UNREACHABLE_CODE</key>
				<string>YES</string>
				<key>CLANG_WARN__DUPLICATE_METHOD_MATCH</key>
				<string>YES</string>
				<key>CODE_SIGN_IDENTITY</key>
				<string>-</string>
				<key>COPY_PHASE_STRIP</key>
				<string>NO</string>
				<key>DEBUG_INFORMATION_FORMAT</key>
				<string>dwarf</string>
				<key>ENABLE_STRICT_OBJC_MSGSEND</key>
				<string>YES</string>
				<key>ENABLE_TESTABILITY</key>
				<string>YES</string>
				<key>GCC_C_LANGUAGE_STANDARD</key>
				<string>gnu99</string>
				<key>GCC_DYNAMIC_NO_PIC</key>
				<string>NO</string>
				<key>GCC_NO_COMMON_BLOCKS</key>
				<string>YES</string>
				<key>GCC_OPTIMIZATION_LEVEL</key>
				<string>0</string>
				<key>GCC_PREPROCESSOR_DEFINITIONS</key>
				<array>
					<string>DEBUG=1</string>
					<string>$(inherited)</string>
				</array>
				<key>GCC_WARN_64_TO_32_BIT_CONVERSION</key>
				<string>YES</string>
				<key>GCC_WARN_ABOUT_RETURN_TYPE</key>
				<string>YES_ERROR</string>
				<key>GCC_WARN_UNDECLARED_SELECTOR</key>
				<string>YES</string>
				<key>GCC_WARN_UNINITIALIZED_AUTOS</key>
				<string>YES_AGGRESSIVE</string>
				<key>GCC_WARN_UNUSED_FUNCTION</key>
				<string>YES</string>
				<key>GCC_WARN_UNUSED_VARIABLE</key>
				<string>YES</string>
				<key>MACOSX_DEPLOYMENT_TARGET</key>
				<string>10.10</string>
				<key>MTL_ENABLE_DEBUG_INFO</key>
				<string>YES</string>
				<key>ONLY_ACTIVE_ARCH</key>
				<string>YES</string>
				<key>SDKROOT</key>
				<string>macosx</string>
			</dict>
			<key>isa</key>
			<string>XCBuildConfiguration</string>
			<key>name</key>
			<string>Debug</string>
		</dict>
		<key>A21ED85F1C30C98F00FC8564</key>
		<dict>
			<key>buildSettings</key>
			<dict>
				<key>ALWAYS_SEARCH_USER_PATHS</key>
				<string>NO</string>
				<key>CLANG_CXX_LANGUAGE_STANDARD</key>
				<string>gnu++0x</string>
				<key>CLANG_CXX_LIBRARY</key>
				<string>libc++</string>
				<key>CLANG_ENABLE_MODULES</key>
				<string>YES</string>
				<key>CLANG_ENABLE_OBJC_ARC</key>
				<string>YES</string>
				<key>CLANG_WARN_BOOL_CONVERSION</key>
				<string>YES</string>
				<key>CLANG_WARN_CONSTANT_CONVERSION</key>
				<string>YES</string>
				<key>CLANG_WARN_DIRECT_OBJC_ISA_USAGE</key>
				<string>YES_ERROR</string>
				<key>CLANG_WARN_EMPTY_BODY</key>
				<string>YES</string>
				<key>CLANG_WARN_ENUM_CONVERSION</key>
				<string>YES</string>
				<key>CLANG_WARN_INT_CONVERSION</key>
				<string>YES</string>
				<key>CLANG_WARN_OBJC_ROOT_CLASS</key>
				<string>YES_ERROR</string>
				<key>CLANG_WARN_UNREACHABLE_CODE</key>
				<string>YES</string>
				<key>CLANG_WARN__DUPLICATE_METHOD_MATCH</key>
				<string>YES</string>
				<key>CODE_SIGN_IDENTITY</key>
				<string>-</string>
				<key>COPY_PHASE_STRIP</key>
				<string>NO</string>
				<key>DEBUG_INFORMATION_FORMAT</key>
				<string>dwarf-with-dsym</string>
				<key>ENABLE_NS_ASSERTIONS</key>
				<string>NO</string>
				<key>ENABLE_STRICT_OBJC_MSGSEND</key>
				<string>YES</string>
				<key>GCC_C_LANGUAGE_STANDARD</key>
				<string>gnu99</string>
				<key>GCC_NO_COMMON_BLOCKS</key>
				<string>YES</string>
				<key>GCC_WARN_64_TO_32_BIT_CONVERSION</key>
				<string>YES</string>
				<key>GCC_WARN_ABOUT_RETURN_TYPE</key>
				<string>YES_ERROR</string>
				<key>GCC_WARN_UNDECLARED_SELECTOR</key>
				<string>YES</string>
				<key>GCC_WARN_UNINITIALIZED_AUTOS</key>
				<string>YES_AGGRESSIVE</string>
				<key>GCC_WARN_UNUSED_FUNCTION</key>
				<string>YES</string>
				<key>GCC_WARN_UNUSED_VARIABLE</key>
				<string>YES</string>
				<key>MACOSX_DEPLOYMENT_TARGET</key>
				<string>10.10</string>
				<key>MTL_ENABLE_DEBUG_INFO</key>
				<string>NO</string>
				<key>ONLY_ACTIVE_ARCH</key>
				<string>YES</string>
				<key>SDKROOT</key>
				<string>macosx</string>
			</dict>
			<key>isa</key>
			<string>XCBuildConfiguration</string>
			<key>name</key>
			<string>Release</string>
		</dict>
		<key>A21ED8601C30C98F00FC8564</key>
		<dict>
			<key>buildConfigurations</key>
			<array>
				<string>A21ED8611C30C98F00FC8564</string>
				<string>A21ED8621C30C98F00FC8564</string>
			</array>
			<key>defaultConfigurationIsVisible</key>
			<string>0</string>
			<key>defaultConfigurationName</key>
			<string>Release</string>
			<key>isa</key>
			<string>XCConfigurationList</string>
		</dict>
		<key>A21ED8611C30C98F00FC8564</key>
		<dict>
			<key>buildSettings</key>
			<dict>
				<key>PRODUCT_NAME</key>
				<string>$(TARGET_NAME)</string>
			</dict>
			<key>isa</key>
			<string>XCBuildConfiguration</string>
			<key>name</key>
			<string>Debug</string>
		</dict>
		<key>A21ED8621C30C98F00FC8564</key>
		<dict>
			<key>buildSettings</key>
			<dict>
				<key>PRODUCT_NAME</key>
				<string>$(TARGET_NAME)</string>
			</dict>
			<key>isa</key>
			<string>XCBuildConfiguration</string>
			<key>name</key>
			<string>Release</string>
		</dict>
		<key>A24350E21C8D9FF100EE188F</key>
		<dict>
			<key>fileEncoding</key>
			<string>4</string>
			<key>isa</key>
			<string>PBXFileReference</string>
			<key>lastKnownFileType</key>
			<string>sourcecode.c.h</string>
			<key>name</key>
			<string>IDCAlphabet.h</string>
			<key>path</key>
			<string>SRC/IDCCategory/IDCTask5Alphabet/IDCAlphabet.h</string>
			<key>sourceTree</key>
			<string>&lt;group&gt;</string>
		</dict>
		<key>A24350E31C8D9FF100EE188F</key>
		<dict>
			<key>fileEncoding</key>
			<string>4</string>
			<key>isa</key>
			<string>PBXFileReference</string>
			<key>lastKnownFileType</key>
			<string>sourcecode.c.objc</string>
			<key>name</key>
			<string>IDCAlphabet.m</string>
			<key>path</key>
			<string>SRC/IDCCategory/IDCTask5Alphabet/IDCAlphabet.m</string>
			<key>sourceTree</key>
			<string>&lt;group&gt;</string>
		</dict>
		<key>A24350E41C8D9FF100EE188F</key>
		<dict>
			<key>fileRef</key>
			<string>A24350E31C8D9FF100EE188F</string>
			<key>isa</key>
			<string>PBXBuildFile</string>
		</dict>
		<key>A24350E51C8DA03C00EE188F</key>
		<dict>
			<key>fileEncoding</key>
			<string>4</string>
			<key>isa</key>
			<string>PBXFileReference</string>
			<key>lastKnownFileType</key>
			<string>sourcecode.c.h</string>
			<key>name</key>
			<string>IDCRangeAlphabet.h</string>
			<key>path</key>
			<string>SRC/IDCCategory/IDCTask5Alphabet/Private/IDCRangeAlphabet.h</string>
			<key>sourceTree</key>
			<string>&lt;group&gt;</string>
		</dict>
		<key>A24350E61C8DA03C00EE188F</key>
		<dict>
			<key>fileEncoding</key>
			<string>4</string>
			<key>isa</key>
			<string>PBXFileReference</string>
			<key>lastKnownFileType</key>
			<string>sourcecode.c.objc</string>
			<key>name</key>
			<string>IDCRangeAlphabet.m</string>
			<key>path</key>
			<string>SRC/IDCCategory/IDCTask5Alphabet/Private/IDCRangeAlphabet.m</string>
			<key>sourceTree</key>
			<string>&lt;group&gt;</string>
		</dict>
		<key>A24350E71C8DA03C00EE188F</key>
		<dict>
			<key>fileRef</key>
			<string>A24350E61C8DA03C00EE188F</string>
			<key>isa</key>
			<string>PBXBuildFile</string>
		</dict>
		<key>A24350E81C8DA05100EE188F</key>
		<dict>
			<key>fileEncoding</key>
			<string>4</string>
			<key>isa</key>
			<string>PBXFileReference</string>
			<key>lastKnownFileType</key>
			<string>sourcecode.c.h</string>
			<key>name</key>
			<string>IDCStringAlphabet.h</string>
			<key>path</key>
			<string>SRC/IDCCategory/IDCTask5Alphabet/Private/IDCStringAlphabet.h</string>
			<key>sourceTree</key>
			<string>&lt;group&gt;</string>
		</dict>
		<key>A24350E91C8DA05100EE188F</key>
		<dict>
			<key>fileEncoding</key>
			<string>4</string>
			<key>isa</key>
			<string>PBXFileReference</string>
			<key>lastKnownFileType</key>
			<string>sourcecode.c.objc</string>
			<key>name</key>
			<string>IDCStringAlphabet.m</string>
			<key>path</key>
			<string>SRC/IDCCategory/IDCTask5Alphabet/Private/IDCStringAlphabet.m</string>
			<key>sourceTree</key>
			<string>&lt;group&gt;</string>
		</dict>
		<key>A24350EA1C8DA05100EE188F</key>
		<dict>
			<key>fileRef</key>
			<string>A24350E91C8DA05100EE188F</string>
			<key>isa</key>
			<string>PBXBuildFile</string>
		</dict>
		<key>A24350EB1C8DA06500EE188F</key>
		<dict>
			<key>fileEncoding</key>
			<string>4</string>
			<key>isa</key>
			<string>PBXFileReference</string>
			<key>lastKnownFileType</key>
			<string>sourcecode.c.h</string>
			<key>name</key>
			<string>IDCClusterAlphabet.h</string>
			<key>path</key>
			<string>SRC/IDCCategory/IDCTask5Alphabet/Private/IDCClusterAlphabet.h</string>
			<key>sourceTree</key>
			<string>&lt;group&gt;</string>
		</dict>
		<key>A24350EC1C8DA06500EE188F</key>
		<dict>
			<key>fileEncoding</key>
			<string>4</string>
			<key>isa</key>
			<string>PBXFileReference</string>
			<key>lastKnownFileType</key>
			<string>sourcecode.c.objc</string>
			<key>name</key>
			<string>IDCClusterAlphabet.m</string>
			<key>path</key>
			<string>SRC/IDCCategory/IDCTask5Alphabet/Private/IDCClusterAlphabet.m</string>
			<key>sourceTree</key>
			<string>&lt;group&gt;</string>
		</dict>
		<key>A24350ED1C8DA06500EE188F</key>
		<dict>
			<key>fileRef</key>
			<string>A24350EC1C8DA06500EE188F</string>
			<key>isa</key>
			<string>PBXBuildFile</string>
		</dict>
		<key>A24B910F1C767635004457D5</key>
		<dict>
			<key>children</key>
			<array>
				<string>A28602721C76098A000E6ED0</string>
			</array>
			<key>isa</key>
			<string>PBXGroup</string>
			<key>name</key>
			<string>Test</string>
			<key>sourceTree</key>
			<string>&lt;group&gt;</string>
		</dict>
		<key>A26F9F411CA98FEE00CA9859</key>
		<dict>
			<key>children</key>
			<array>
				<string>A26F9F6E1CA99BCA00CA9859</string>
				<string>A26F9F421CA98FEE00CA9859</string>
				<string>A26F9F451CA98FEE00CA9859</string>
				<string>A26F9F481CA98FEE00CA9859</string>
				<string>A26F9F4B1CA98FEE00CA9859</string>
				<string>A26F9F4C1CA98FEE00CA9859</string>
			</array>
			<key>isa</key>
			<string>PBXGroup</string>
			<key>name</key>
			<string>IDCCarWash</string>
			<key>path</key>
			<string>SRC/IDCCarWash</string>
			<key>sourceTree</key>
			<string>&lt;group&gt;</string>
		</dict>
		<key>A26F9F421CA98FEE00CA9859</key>
		<dict>
			<key>children</key>
			<array>
				<string>A26F9F431CA98FEE00CA9859</string>
				<string>A26F9F441CA98FEE00CA9859</string>
			</array>
			<key>isa</key>
			<string>PBXGroup</string>
			<key>path</key>
			<string>IDCCar</string>
			<key>sourceTree</key>
			<string>&lt;group&gt;</string>
		</dict>
		<key>A26F9F431CA98FEE00CA9859</key>
		<dict>
			<key>fileEncoding</key>
			<string>4</string>
			<key>isa</key>
			<string>PBXFileReference</string>
			<key>lastKnownFileType</key>
			<string>sourcecode.c.h</string>
			<key>path</key>
			<string>IDCCar.h</string>
			<key>sourceTree</key>
			<string>&lt;group&gt;</string>
		</dict>
		<key>A26F9F441CA98FEE00CA9859</key>
		<dict>
			<key>fileEncoding</key>
			<string>4</string>
			<key>isa</key>
			<string>PBXFileReference</string>
			<key>lastKnownFileType</key>
			<string>sourcecode.c.objc</string>
			<key>path</key>
			<string>IDCCar.m</string>
			<key>sourceTree</key>
			<string>&lt;group&gt;</string>
		</dict>
		<key>A26F9F451CA98FEE00CA9859</key>
		<dict>
			<key>children</key>
			<array>
				<string>A26F9F461CA98FEE00CA9859</string>
				<string>A26F9F471CA98FEE00CA9859</string>
			</array>
			<key>isa</key>
			<string>PBXGroup</string>
			<key>path</key>
			<string>IDCCarWashConstants</string>
			<key>sourceTree</key>
			<string>&lt;group&gt;</string>
		</dict>
		<key>A26F9F461CA98FEE00CA9859</key>
		<dict>
			<key>fileEncoding</key>
			<string>4</string>
			<key>isa</key>
			<string>PBXFileReference</string>
			<key>lastKnownFileType</key>
			<string>sourcecode.c.h</string>
			<key>path</key>
			<string>IDCConstants.h</string>
			<key>sourceTree</key>
			<string>&lt;group&gt;</string>
		</dict>
		<key>A26F9F471CA98FEE00CA9859</key>
		<dict>
			<key>fileEncoding</key>
			<string>4</string>
			<key>isa</key>
			<string>PBXFileReference</string>
			<key>lastKnownFileType</key>
			<string>sourcecode.c.objc</string>
			<key>path</key>
			<string>IDCConstants.m</string>
			<key>sourceTree</key>
			<string>&lt;group&gt;</string>
		</dict>
		<key>A26F9F481CA98FEE00CA9859</key>
		<dict>
			<key>children</key>
			<array>
				<string>A26F9F781CA9C9D300CA9859</string>
				<string>A26F9F491CA98FEE00CA9859</string>
			</array>
			<key>isa</key>
			<string>PBXGroup</string>
			<key>path</key>
			<string>IDCEnterprise</string>
			<key>sourceTree</key>
			<string>&lt;group&gt;</string>
		</dict>
		<key>A26F9F491CA98FEE00CA9859</key>
		<dict>
			<key>fileEncoding</key>
			<string>4</string>
			<key>isa</key>
			<string>PBXFileReference</string>
			<key>lastKnownFileType</key>
			<string>sourcecode.c.h</string>
			<key>path</key>
			<string>IDCEnterprise.h</string>
			<key>sourceTree</key>
			<string>&lt;group&gt;</string>
		</dict>
		<key>A26F9F4B1CA98FEE00CA9859</key>
		<dict>
			<key>children</key>
			<array>
				<string>A26F9F5F1CA9905F00CA9859</string>
			</array>
			<key>isa</key>
			<string>PBXGroup</string>
			<key>path</key>
			<string>IDCMoneyProtocol</string>
			<key>sourceTree</key>
			<string>&lt;group&gt;</string>
		</dict>
		<key>A26F9F4C1CA98FEE00CA9859</key>
		<dict>
			<key>children</key>
			<array>
				<string>A26F9F4D1CA98FEE00CA9859</string>
				<string>A26F9F4E1CA98FEE00CA9859</string>
				<string>A26F9F4F1CA98FEE00CA9859</string>
				<string>A26F9F501CA98FEE00CA9859</string>
				<string>A26F9F511CA98FEE00CA9859</string>
			</array>
			<key>isa</key>
			<string>PBXGroup</string>
			<key>path</key>
			<string>IDCWorker</string>
			<key>sourceTree</key>
			<string>&lt;group&gt;</string>
		</dict>
		<key>A26F9F4D1CA98FEE00CA9859</key>
		<dict>
			<key>children</key>
			<array>
				<string>A26F9F5C1CA9904000CA9859</string>
				<string>A26F9F5D1CA9904000CA9859</string>
			</array>
			<key>isa</key>
			<string>PBXGroup</string>
			<key>path</key>
			<string>IDCAccountant</string>
			<key>sourceTree</key>
			<string>&lt;group&gt;</string>
		</dict>
		<key>A26F9F4E1CA98FEE00CA9859</key>
		<dict>
			<key>children</key>
			<array>
				<string>A26F9F591CA9902F00CA9859</string>
				<string>A26F9F5A1CA9902F00CA9859</string>
			</array>
			<key>isa</key>
			<string>PBXGroup</string>
			<key>path</key>
			<string>IDCBoss</string>
			<key>sourceTree</key>
			<string>&lt;group&gt;</string>
		</dict>
		<key>A26F9F4F1CA98FEE00CA9859</key>
		<dict>
			<key>children</key>
			<array>
				<string>A26F9F561CA9901B00CA9859</string>
				<string>A26F9F571CA9901B00CA9859</string>
			</array>
			<key>isa</key>
			<string>PBXGroup</string>
			<key>path</key>
			<string>IDCCarWasher</string>
			<key>sourceTree</key>
			<string>&lt;group&gt;</string>
		</dict>
		<key>A26F9F501CA98FEE00CA9859</key>
		<dict>
			<key>fileEncoding</key>
			<string>4</string>
			<key>isa</key>
			<string>PBXFileReference</string>
			<key>lastKnownFileType</key>
			<string>sourcecode.c.h</string>
			<key>path</key>
			<string>IDCWorker.h</string>
			<key>sourceTree</key>
			<string>&lt;group&gt;</string>
		</dict>
		<key>A26F9F511CA98FEE00CA9859</key>
		<dict>
			<key>fileEncoding</key>
			<string>4</string>
			<key>isa</key>
			<string>PBXFileReference</string>
			<key>lastKnownFileType</key>
			<string>sourcecode.c.objc</string>
			<key>path</key>
			<string>IDCWorker.m</string>
			<key>sourceTree</key>
			<string>&lt;group&gt;</string>
		</dict>
		<key>A26F9F521CA98FEE00CA9859</key>
		<dict>
			<key>fileRef</key>
			<string>A26F9F441CA98FEE00CA9859</string>
			<key>isa</key>
			<string>PBXBuildFile</string>
		</dict>
		<key>A26F9F531CA98FEE00CA9859</key>
		<dict>
			<key>fileRef</key>
			<string>A26F9F471CA98FEE00CA9859</string>
			<key>isa</key>
			<string>PBXBuildFile</string>
		</dict>
		<key>A26F9F561CA9901B00CA9859</key>
		<dict>
			<key>fileEncoding</key>
			<string>4</string>
			<key>isa</key>
			<string>PBXFileReference</string>
			<key>lastKnownFileType</key>
			<string>sourcecode.c.h</string>
			<key>path</key>
			<string>IDCCarWasher.h</string>
			<key>sourceTree</key>
			<string>&lt;group&gt;</string>
		</dict>
		<key>A26F9F571CA9901B00CA9859</key>
		<dict>
			<key>fileEncoding</key>
			<string>4</string>
			<key>isa</key>
			<string>PBXFileReference</string>
			<key>lastKnownFileType</key>
			<string>sourcecode.c.objc</string>
			<key>path</key>
			<string>IDCCarWasher.m</string>
			<key>sourceTree</key>
			<string>&lt;group&gt;</string>
		</dict>
		<key>A26F9F581CA9901B00CA9859</key>
		<dict>
			<key>fileRef</key>
			<string>A26F9F571CA9901B00CA9859</string>
			<key>isa</key>
			<string>PBXBuildFile</string>
		</dict>
		<key>A26F9F591CA9902F00CA9859</key>
		<dict>
			<key>fileEncoding</key>
			<string>4</string>
			<key>isa</key>
			<string>PBXFileReference</string>
			<key>lastKnownFileType</key>
			<string>sourcecode.c.h</string>
			<key>path</key>
			<string>IDCBoss.h</string>
			<key>sourceTree</key>
			<string>&lt;group&gt;</string>
		</dict>
		<key>A26F9F5A1CA9902F00CA9859</key>
		<dict>
			<key>fileEncoding</key>
			<string>4</string>
			<key>isa</key>
			<string>PBXFileReference</string>
			<key>lastKnownFileType</key>
			<string>sourcecode.c.objc</string>
			<key>path</key>
			<string>IDCBoss.m</string>
			<key>sourceTree</key>
			<string>&lt;group&gt;</string>
		</dict>
		<key>A26F9F5B1CA9902F00CA9859</key>
		<dict>
			<key>fileRef</key>
			<string>A26F9F5A1CA9902F00CA9859</string>
			<key>isa</key>
			<string>PBXBuildFile</string>
		</dict>
		<key>A26F9F5C1CA9904000CA9859</key>
		<dict>
			<key>fileEncoding</key>
			<string>4</string>
			<key>isa</key>
			<string>PBXFileReference</string>
			<key>lastKnownFileType</key>
			<string>sourcecode.c.h</string>
			<key>path</key>
			<string>IDCAccountant.h</string>
			<key>sourceTree</key>
			<string>&lt;group&gt;</string>
		</dict>
		<key>A26F9F5D1CA9904000CA9859</key>
		<dict>
			<key>fileEncoding</key>
			<string>4</string>
			<key>isa</key>
			<string>PBXFileReference</string>
			<key>lastKnownFileType</key>
			<string>sourcecode.c.objc</string>
			<key>path</key>
			<string>IDCAccountant.m</string>
			<key>sourceTree</key>
			<string>&lt;group&gt;</string>
		</dict>
		<key>A26F9F5E1CA9904000CA9859</key>
		<dict>
			<key>fileRef</key>
			<string>A26F9F5D1CA9904000CA9859</string>
			<key>isa</key>
			<string>PBXBuildFile</string>
		</dict>
		<key>A26F9F5F1CA9905F00CA9859</key>
		<dict>
			<key>fileEncoding</key>
			<string>4</string>
			<key>isa</key>
			<string>PBXFileReference</string>
			<key>lastKnownFileType</key>
			<string>sourcecode.c.h</string>
			<key>path</key>
			<string>IDCMoneyProtocol.h</string>
			<key>sourceTree</key>
			<string>&lt;group&gt;</string>
		</dict>
		<key>A26F9F6E1CA99BCA00CA9859</key>
		<dict>
			<key>children</key>
			<array>
				<string>A26F9F6F1CA99BDD00CA9859</string>
			</array>
			<key>isa</key>
			<string>PBXGroup</string>
			<key>path</key>
			<string>IDCWorkerProtocol</string>
			<key>sourceTree</key>
			<string>&lt;group&gt;</string>
		</dict>
		<key>A26F9F6F1CA99BDD00CA9859</key>
		<dict>
			<key>fileEncoding</key>
			<string>4</string>
			<key>isa</key>
			<string>PBXFileReference</string>
			<key>lastKnownFileType</key>
			<string>sourcecode.c.h</string>
			<key>path</key>
			<string>IDCWorkerProtocol.h</string>
			<key>sourceTree</key>
			<string>&lt;group&gt;</string>
		</dict>
		<key>A26F9F701CA99E8E00CA9859</key>
		<dict>
			<key>children</key>
			<array>
				<string>A26F9F711CA99E9D00CA9859</string>
				<string>A26F9F721CA99E9D00CA9859</string>
			</array>
			<key>isa</key>
			<string>PBXGroup</string>
			<key>name</key>
			<string>IDCObserver</string>
			<key>path</key>
			<string>SRC/IDCObserver</string>
			<key>sourceTree</key>
			<string>&lt;group&gt;</string>
		</dict>
		<key>A26F9F711CA99E9D00CA9859</key>
		<dict>
			<key>fileEncoding</key>
			<string>4</string>
			<key>isa</key>
			<string>PBXFileReference</string>
			<key>lastKnownFileType</key>
			<string>sourcecode.c.h</string>
			<key>path</key>
			<string>IDCObserver.h</string>
			<key>sourceTree</key>
			<string>&lt;group&gt;</string>
		</dict>
		<key>A26F9F721CA99E9D00CA9859</key>
		<dict>
			<key>fileEncoding</key>
			<string>4</string>
			<key>isa</key>
			<string>PBXFileReference</string>
			<key>lastKnownFileType</key>
			<string>sourcecode.c.objc</string>
			<key>path</key>
			<string>IDCObserver.m</string>
			<key>sourceTree</key>
			<string>&lt;group&gt;</string>
		</dict>
		<key>A26F9F731CA99E9D00CA9859</key>
		<dict>
			<key>fileRef</key>
			<string>A26F9F721CA99E9D00CA9859</string>
			<key>isa</key>
			<string>PBXBuildFile</string>
		</dict>
		<key>A26F9F741CA9A36C00CA9859</key>
		<dict>
			<key>children</key>
			<array>
				<string>A26F9F751CA9A3E700CA9859</string>
				<string>A26F9F761CA9A3E700CA9859</string>
			</array>
			<key>isa</key>
			<string>PBXGroup</string>
			<key>name</key>
			<string>IDCRandomNamePool</string>
			<key>path</key>
			<string>SRC/IDCRandomNamePool</string>
			<key>sourceTree</key>
			<string>&lt;group&gt;</string>
		</dict>
		<key>A26F9F751CA9A3E700CA9859</key>
		<dict>
			<key>fileEncoding</key>
			<string>4</string>
			<key>isa</key>
			<string>PBXFileReference</string>
			<key>lastKnownFileType</key>
			<string>sourcecode.c.h</string>
			<key>path</key>
			<string>IDCRandomNamePool.h</string>
			<key>sourceTree</key>
			<string>&lt;group&gt;</string>
		</dict>
		<key>A26F9F761CA9A3E700CA9859</key>
		<dict>
			<key>fileEncoding</key>
			<string>4</string>
			<key>isa</key>
			<string>PBXFileReference</string>
			<key>lastKnownFileType</key>
			<string>sourcecode.c.objc</string>
			<key>path</key>
			<string>IDCRandomNamePool.m</string>
			<key>sourceTree</key>
			<string>&lt;group&gt;</string>
		</dict>
		<key>A26F9F771CA9A3E700CA9859</key>
		<dict>
			<key>fileRef</key>
			<string>A26F9F761CA9A3E700CA9859</string>
			<key>isa</key>
			<string>PBXBuildFile</string>
		</dict>
		<key>A26F9F781CA9C9D300CA9859</key>
		<dict>
			<key>fileEncoding</key>
			<string>4</string>
			<key>isa</key>
			<string>PBXFileReference</string>
			<key>lastKnownFileType</key>
			<string>sourcecode.c.objc</string>
			<key>path</key>
			<string>IDCEnterprise.m</string>
			<key>sourceTree</key>
			<string>&lt;group&gt;</string>
		</dict>
		<key>A26F9F791CA9C9D300CA9859</key>
		<dict>
			<key>fileRef</key>
			<string>A26F9F781CA9C9D300CA9859</string>
			<key>isa</key>
			<string>PBXBuildFile</string>
		</dict>
		<key>A26F9F7A1CA9CABD00CA9859</key>
		<dict>
			<key>fileRef</key>
			<string>A26F9F511CA98FEE00CA9859</string>
			<key>isa</key>
			<string>PBXBuildFile</string>
		</dict>
		<key>A27817DC1CA9CB7F00D65B37</key>
		<dict>
			<key>buildActionMask</key>
			<string>2147483647</string>
			<key>files</key>
			<array>
				<string>A27817E31CA9CB7F00D65B37</string>
			</array>
			<key>isa</key>
			<string>PBXSourcesBuildPhase</string>
			<key>runOnlyForDeploymentPostprocessing</key>
			<string>0</string>
		</dict>
		<key>A27817DD1CA9CB7F00D65B37</key>
		<dict>
			<key>buildActionMask</key>
			<string>2147483647</string>
			<key>files</key>
			<array/>
			<key>isa</key>
			<string>PBXFrameworksBuildPhase</string>
			<key>runOnlyForDeploymentPostprocessing</key>
			<string>0</string>
		</dict>
		<key>A27817DE1CA9CB7F00D65B37</key>
		<dict>
			<key>buildActionMask</key>
			<string>2147483647</string>
			<key>files</key>
			<array/>
			<key>isa</key>
			<string>PBXResourcesBuildPhase</string>
			<key>runOnlyForDeploymentPostprocessing</key>
			<string>0</string>
		</dict>
		<key>A27817DF1CA9CB7F00D65B37</key>
		<dict>
			<key>buildConfigurationList</key>
			<string>A27817E71CA9CB7F00D65B37</string>
			<key>buildPhases</key>
			<array>
				<string>A27817DC1CA9CB7F00D65B37</string>
				<string>A27817DD1CA9CB7F00D65B37</string>
				<string>A27817DE1CA9CB7F00D65B37</string>
			</array>
			<key>buildRules</key>
			<array/>
			<key>dependencies</key>
			<array/>
			<key>isa</key>
			<string>PBXNativeTarget</string>
			<key>name</key>
			<string>ObjCTest</string>
			<key>productName</key>
			<string>ObjCTest</string>
			<key>productReference</key>
			<string>A27817E01CA9CB7F00D65B37</string>
			<key>productType</key>
			<string>com.apple.product-type.bundle.unit-test</string>
		</dict>
		<key>A27817E01CA9CB7F00D65B37</key>
		<dict>
			<key>explicitFileType</key>
			<string>wrapper.cfbundle</string>
			<key>includeInIndex</key>
			<string>0</string>
			<key>isa</key>
			<string>PBXFileReference</string>
			<key>path</key>
			<string>ObjCTest.xctest</string>
			<key>sourceTree</key>
			<string>BUILT_PRODUCTS_DIR</string>
		</dict>
		<key>A27817E11CA9CB7F00D65B37</key>
		<dict>
			<key>children</key>
			<array>
				<string>A27817E21CA9CB7F00D65B37</string>
				<string>A27817E41CA9CB7F00D65B37</string>
			</array>
			<key>isa</key>
			<string>PBXGroup</string>
			<key>path</key>
			<string>ObjCTest</string>
			<key>sourceTree</key>
			<string>&lt;group&gt;</string>
		</dict>
		<key>A27817E21CA9CB7F00D65B37</key>
		<dict>
			<key>isa</key>
			<string>PBXFileReference</string>
			<key>lastKnownFileType</key>
			<string>sourcecode.c.objc</string>
			<key>path</key>
			<string>ObjCTest.m</string>
			<key>sourceTree</key>
			<string>&lt;group&gt;</string>
		</dict>
		<key>A27817E31CA9CB7F00D65B37</key>
		<dict>
			<key>fileRef</key>
			<string>A27817E21CA9CB7F00D65B37</string>
			<key>isa</key>
			<string>PBXBuildFile</string>
		</dict>
		<key>A27817E41CA9CB7F00D65B37</key>
		<dict>
			<key>isa</key>
			<string>PBXFileReference</string>
			<key>lastKnownFileType</key>
			<string>text.plist.xml</string>
			<key>path</key>
			<string>Info.plist</string>
			<key>sourceTree</key>
			<string>&lt;group&gt;</string>
		</dict>
		<key>A27817E51CA9CB7F00D65B37</key>
		<dict>
			<key>buildSettings</key>
			<dict>
				<key>CLANG_ANALYZER_NONNULL</key>
				<string>YES</string>
				<key>COMBINE_HIDPI_IMAGES</key>
				<string>YES</string>
				<key>INFOPLIST_FILE</key>
				<string>ObjCTest/Info.plist</string>
				<key>LD_RUNPATH_SEARCH_PATHS</key>
				<string>$(inherited) @executable_path/../Frameworks @loader_path/../Frameworks</string>
				<key>MACOSX_DEPLOYMENT_TARGET</key>
				<string>10.11</string>
				<key>PRODUCT_BUNDLE_IDENTIFIER</key>
				<string>IDC.ObjCTest</string>
				<key>PRODUCT_NAME</key>
				<string>$(TARGET_NAME)</string>
			</dict>
			<key>isa</key>
			<string>XCBuildConfiguration</string>
			<key>name</key>
			<string>Debug</string>
		</dict>
		<key>A27817E61CA9CB7F00D65B37</key>
		<dict>
			<key>buildSettings</key>
			<dict>
				<key>CLANG_ANALYZER_NONNULL</key>
				<string>YES</string>
				<key>COMBINE_HIDPI_IMAGES</key>
				<string>YES</string>
				<key>INFOPLIST_FILE</key>
				<string>ObjCTest/Info.plist</string>
				<key>LD_RUNPATH_SEARCH_PATHS</key>
				<string>$(inherited) @executable_path/../Frameworks @loader_path/../Frameworks</string>
				<key>MACOSX_DEPLOYMENT_TARGET</key>
				<string>10.11</string>
				<key>PRODUCT_BUNDLE_IDENTIFIER</key>
				<string>IDC.ObjCTest</string>
				<key>PRODUCT_NAME</key>
				<string>$(TARGET_NAME)</string>
			</dict>
			<key>isa</key>
			<string>XCBuildConfiguration</string>
			<key>name</key>
			<string>Release</string>
		</dict>
		<key>A27817E71CA9CB7F00D65B37</key>
		<dict>
			<key>buildConfigurations</key>
			<array>
				<string>A27817E51CA9CB7F00D65B37</string>
				<string>A27817E61CA9CB7F00D65B37</string>
			</array>
			<key>defaultConfigurationIsVisible</key>
			<string>0</string>
			<key>isa</key>
			<string>XCConfigurationList</string>
		</dict>
		<key>A27BA0FD1C7B0CF300EB007F</key>
		<dict>
			<key>fileEncoding</key>
			<string>4</string>
			<key>isa</key>
			<string>PBXFileReference</string>
			<key>lastKnownFileType</key>
			<string>sourcecode.c.h</string>
			<key>name</key>
			<string>IDCCreature.h</string>
			<key>path</key>
			<string>SRC/IDCTask1Creature/IDCCreature.h</string>
			<key>sourceTree</key>
			<string>&lt;group&gt;</string>
		</dict>
		<key>A27BA0FE1C7B0CF300EB007F</key>
		<dict>
			<key>fileEncoding</key>
			<string>4</string>
			<key>isa</key>
			<string>PBXFileReference</string>
			<key>lastKnownFileType</key>
			<string>sourcecode.c.objc</string>
			<key>name</key>
			<string>IDCCreature.m</string>
			<key>path</key>
			<string>SRC/IDCTask1Creature/IDCCreature.m</string>
			<key>sourceTree</key>
			<string>&lt;group&gt;</string>
		</dict>
		<key>A27BA0FF1C7B0CF300EB007F</key>
		<dict>
			<key>fileRef</key>
			<string>A27BA0FE1C7B0CF300EB007F</string>
			<key>isa</key>
			<string>PBXBuildFile</string>
		</dict>
		<key>A27BA1001C7B0D3B00EB007F</key>
		<dict>
			<key>fileEncoding</key>
			<string>4</string>
			<key>isa</key>
			<string>PBXFileReference</string>
			<key>lastKnownFileType</key>
			<string>sourcecode.c.h</string>
			<key>name</key>
			<string>IDCCreatureTest.h</string>
			<key>path</key>
			<string>Test/IDCTask1CreatureTest/IDCCreatureTest.h</string>
			<key>sourceTree</key>
			<string>&lt;group&gt;</string>
		</dict>
		<key>A27BA1011C7B0D3B00EB007F</key>
		<dict>
			<key>fileEncoding</key>
			<string>4</string>
			<key>isa</key>
			<string>PBXFileReference</string>
			<key>lastKnownFileType</key>
			<string>sourcecode.c.objc</string>
			<key>name</key>
			<string>IDCCreatureTest.m</string>
			<key>path</key>
			<string>Test/IDCTask1CreatureTest/IDCCreatureTest.m</string>
			<key>sourceTree</key>
			<string>&lt;group&gt;</string>
		</dict>
		<key>A27BA1021C7B0D3B00EB007F</key>
		<dict>
			<key>fileRef</key>
			<string>A27BA1011C7B0D3B00EB007F</string>
			<key>isa</key>
			<string>PBXBuildFile</string>
		</dict>
		<key>A27BA1031C7B63A200EB007F</key>
		<dict>
			<key>children</key>
			<array>
				<string>A27BA1051C7B63ED00EB007F</string>
				<string>A27BA1061C7B63ED00EB007F</string>
			</array>
			<key>isa</key>
			<string>PBXGroup</string>
			<key>name</key>
			<string>IDCTask2Male</string>
			<key>sourceTree</key>
			<string>&lt;group&gt;</string>
		</dict>
		<key>A27BA1041C7B63BD00EB007F</key>
		<dict>
			<key>children</key>
			<array>
				<string>A27BA1081C7B641600EB007F</string>
				<string>A27BA1091C7B641600EB007F</string>
			</array>
			<key>isa</key>
			<string>PBXGroup</string>
			<key>name</key>
			<string>IDCTask2Female</string>
			<key>sourceTree</key>
			<string>&lt;group&gt;</string>
		</dict>
		<key>A27BA1051C7B63ED00EB007F</key>
		<dict>
			<key>fileEncoding</key>
			<string>4</string>
			<key>isa</key>
			<string>PBXFileReference</string>
			<key>lastKnownFileType</key>
			<string>sourcecode.c.h</string>
			<key>name</key>
			<string>IDCMale.h</string>
			<key>path</key>
			<string>SRC/IDCTask2Male/IDCMale.h</string>
			<key>sourceTree</key>
			<string>&lt;group&gt;</string>
		</dict>
		<key>A27BA1061C7B63ED00EB007F</key>
		<dict>
			<key>fileEncoding</key>
			<string>4</string>
			<key>isa</key>
			<string>PBXFileReference</string>
			<key>lastKnownFileType</key>
			<string>sourcecode.c.objc</string>
			<key>name</key>
			<string>IDCMale.m</string>
			<key>path</key>
			<string>SRC/IDCTask2Male/IDCMale.m</string>
			<key>sourceTree</key>
			<string>&lt;group&gt;</string>
		</dict>
		<key>A27BA1071C7B63ED00EB007F</key>
		<dict>
			<key>fileRef</key>
			<string>A27BA1061C7B63ED00EB007F</string>
			<key>isa</key>
			<string>PBXBuildFile</string>
		</dict>
		<key>A27BA1081C7B641600EB007F</key>
		<dict>
			<key>fileEncoding</key>
			<string>4</string>
			<key>isa</key>
			<string>PBXFileReference</string>
			<key>lastKnownFileType</key>
			<string>sourcecode.c.h</string>
			<key>name</key>
			<string>IDCFemale.h</string>
			<key>path</key>
			<string>SRC/IDCTask2Female/IDCFemale.h</string>
			<key>sourceTree</key>
			<string>&lt;group&gt;</string>
		</dict>
		<key>A27BA1091C7B641600EB007F</key>
		<dict>
			<key>fileEncoding</key>
			<string>4</string>
			<key>isa</key>
			<string>PBXFileReference</string>
			<key>lastKnownFileType</key>
			<string>sourcecode.c.objc</string>
			<key>name</key>
			<string>IDCFemale.m</string>
			<key>path</key>
			<string>SRC/IDCTask2Female/IDCFemale.m</string>
			<key>sourceTree</key>
			<string>&lt;group&gt;</string>
		</dict>
		<key>A27BA10A1C7B641600EB007F</key>
		<dict>
			<key>fileRef</key>
			<string>A27BA1091C7B641600EB007F</string>
			<key>isa</key>
			<string>PBXBuildFile</string>
		</dict>
		<key>A27BA10B1C7F626200EB007F</key>
		<dict>
			<key>children</key>
			<array>
				<string>A2E45FD51C8D9342009F0BEA</string>
				<string>A27BA10C1C7F62ED00EB007F</string>
				<string>A27BA1141C7FA4DF00EB007F</string>
				<string>A27BA1131C7FA4DF00EB007F</string>
				<string>A27BA10D1C7F62ED00EB007F</string>
			</array>
			<key>isa</key>
			<string>PBXGroup</string>
			<key>name</key>
			<string>IDCCategory</string>
			<key>sourceTree</key>
			<string>&lt;group&gt;</string>
		</dict>
		<key>A27BA10C1C7F62ED00EB007F</key>
		<dict>
			<key>fileEncoding</key>
			<string>4</string>
			<key>isa</key>
			<string>PBXFileReference</string>
			<key>lastKnownFileType</key>
			<string>sourcecode.c.h</string>
			<key>name</key>
			<string>NSObject+IDCCategory.h</string>
			<key>path</key>
			<string>SRC/IDCCategory/NSObject+IDCCategory.h</string>
			<key>sourceTree</key>
			<string>&lt;group&gt;</string>
		</dict>
		<key>A27BA10D1C7F62ED00EB007F</key>
		<dict>
			<key>fileEncoding</key>
			<string>4</string>
			<key>isa</key>
			<string>PBXFileReference</string>
			<key>lastKnownFileType</key>
			<string>sourcecode.c.objc</string>
			<key>name</key>
			<string>NSObject+IDCCategory.m</string>
			<key>path</key>
			<string>SRC/IDCCategory/NSObject+IDCCategory.m</string>
			<key>sourceTree</key>
			<string>&lt;group&gt;</string>
		</dict>
		<key>A27BA10E1C7F62ED00EB007F</key>
		<dict>
			<key>fileRef</key>
			<string>A27BA10D1C7F62ED00EB007F</string>
			<key>isa</key>
			<string>PBXBuildFile</string>
		</dict>
		<key>A27BA10F1C7F6FB200EB007F</key>
		<dict>
			<key>children</key>
			<array>
				<string>A27BA1101C7FA24100EB007F</string>
			</array>
			<key>isa</key>
			<string>PBXGroup</string>
			<key>name</key>
			<string>IDCSupport Files</string>
			<key>sourceTree</key>
			<string>&lt;group&gt;</string>
		</dict>
		<key>A27BA1101C7FA24100EB007F</key>
		<dict>
			<key>fileEncoding</key>
			<string>4</string>
			<key>isa</key>
			<string>PBXFileReference</string>
			<key>lastKnownFileType</key>
			<string>sourcecode.c.h</string>
			<key>name</key>
			<string>IDCObjC-Prefix.pch</string>
			<key>path</key>
			<string>ObjC/SRC/IDCSupportFiles/IDCObjC-Prefix.pch</string>
			<key>sourceTree</key>
			<string>SOURCE_ROOT</string>
		</dict>
		<key>A27BA1131C7FA4DF00EB007F</key>
		<dict>
			<key>fileEncoding</key>
			<string>4</string>
			<key>isa</key>
			<string>PBXFileReference</string>
			<key>lastKnownFileType</key>
			<string>sourcecode.c.h</string>
			<key>name</key>
			<string>NSString+IDCRandomString.h</string>
			<key>path</key>
			<string>SRC/IDCCategory/NSString+IDCRandomString.h</string>
			<key>sourceTree</key>
			<string>&lt;group&gt;</string>
		</dict>
		<key>A27BA1141C7FA4DF00EB007F</key>
		<dict>
			<key>fileEncoding</key>
			<string>4</string>
			<key>isa</key>
			<string>PBXFileReference</string>
			<key>lastKnownFileType</key>
			<string>sourcecode.c.objc</string>
			<key>name</key>
			<string>NSString+IDCRandomString.m</string>
			<key>path</key>
			<string>SRC/IDCCategory/NSString+IDCRandomString.m</string>
			<key>sourceTree</key>
			<string>&lt;group&gt;</string>
		</dict>
		<key>A27BA1151C7FA4DF00EB007F</key>
		<dict>
			<key>fileRef</key>
			<string>A27BA1141C7FA4DF00EB007F</string>
			<key>isa</key>
			<string>PBXBuildFile</string>
		</dict>
		<key>A28602191C76080F000E6ED0</key>
		<dict>
			<key>buildActionMask</key>
			<string>2147483647</string>
			<key>files</key>
			<array>
				<string>A27BA1151C7FA4DF00EB007F</string>
				<string>A26F9F5E1CA9904000CA9859</string>
				<string>A28602201C76080F000E6ED0</string>
				<string>A26F9F5B1CA9902F00CA9859</string>
				<string>A24350EA1C8DA05100EE188F</string>
				<string>A24350ED1C8DA06500EE188F</string>
				<string>A26F9F7A1CA9CABD00CA9859</string>
				<string>A27BA0FF1C7B0CF300EB007F</string>
				<string>A26F9F731CA99E9D00CA9859</string>
				<string>A26F9F771CA9A3E700CA9859</string>
				<string>A27BA10E1C7F62ED00EB007F</string>
				<string>A26F9F531CA98FEE00CA9859</string>
				<string>A26F9F791CA9C9D300CA9859</string>
				<string>A26F9F581CA9901B00CA9859</string>
				<string>A27BA1021C7B0D3B00EB007F</string>
				<string>A24350E41C8D9FF100EE188F</string>
				<string>A27BA1071C7B63ED00EB007F</string>
				<string>A26F9F521CA98FEE00CA9859</string>
				<string>A24350E71C8DA03C00EE188F</string>
				<string>A27BA10A1C7B641600EB007F</string>
			</array>
			<key>isa</key>
			<string>PBXSourcesBuildPhase</string>
			<key>runOnlyForDeploymentPostprocessing</key>
			<string>0</string>
		</dict>
		<key>A286021A1C76080F000E6ED0</key>
		<dict>
			<key>buildActionMask</key>
			<string>2147483647</string>
			<key>files</key>
			<array>
				<string>2CF828E41CF17E882A2B507C</string>
			</array>
			<key>isa</key>
			<string>PBXFrameworksBuildPhase</string>
			<key>runOnlyForDeploymentPostprocessing</key>
			<string>0</string>
		</dict>
		<key>A286021B1C76080F000E6ED0</key>
		<dict>
			<key>buildActionMask</key>
			<string>2147483647</string>
			<key>dstPath</key>
			<string>/usr/share/man/man1/</string>
			<key>dstSubfolderSpec</key>
			<string>0</string>
			<key>files</key>
			<array/>
			<key>isa</key>
			<string>PBXCopyFilesBuildPhase</string>
			<key>runOnlyForDeploymentPostprocessing</key>
			<string>1</string>
		</dict>
		<key>A286021C1C76080F000E6ED0</key>
		<dict>
			<key>buildConfigurationList</key>
			<string>A28602211C76080F000E6ED0</string>
			<key>buildPhases</key>
			<array>
				<string>F5AA41127C3647882A620D80</string>
				<string>A28602191C76080F000E6ED0</string>
				<string>A286021A1C76080F000E6ED0</string>
				<string>A286021B1C76080F000E6ED0</string>
				<string>975EA0B4D3354617DE54A2DA</string>
			</array>
			<key>buildRules</key>
			<array/>
			<key>dependencies</key>
			<array/>
			<key>isa</key>
			<string>PBXNativeTarget</string>
			<key>name</key>
			<string>ObjC</string>
			<key>productName</key>
			<string>ObjC</string>
			<key>productReference</key>
			<string>A286021D1C76080F000E6ED0</string>
			<key>productType</key>
			<string>com.apple.product-type.tool</string>
		</dict>
		<key>A286021D1C76080F000E6ED0</key>
		<dict>
			<key>explicitFileType</key>
			<string>compiled.mach-o.executable</string>
			<key>includeInIndex</key>
			<string>0</string>
			<key>isa</key>
			<string>PBXFileReference</string>
			<key>path</key>
			<string>ObjC</string>
			<key>sourceTree</key>
			<string>BUILT_PRODUCTS_DIR</string>
		</dict>
		<key>A286021E1C76080F000E6ED0</key>
		<dict>
			<key>children</key>
			<array>
				<string>A24B910F1C767635004457D5</string>
				<string>A28602701C76096E000E6ED0</string>
				<string>A286021F1C76080F000E6ED0</string>
			</array>
			<key>isa</key>
			<string>PBXGroup</string>
			<key>path</key>
			<string>ObjC</string>
			<key>sourceTree</key>
			<string>&lt;group&gt;</string>
		</dict>
		<key>A286021F1C76080F000E6ED0</key>
		<dict>
			<key>isa</key>
			<string>PBXFileReference</string>
			<key>lastKnownFileType</key>
			<string>sourcecode.c.objc</string>
			<key>path</key>
			<string>main.m</string>
			<key>sourceTree</key>
			<string>&lt;group&gt;</string>
		</dict>
		<key>A28602201C76080F000E6ED0</key>
		<dict>
			<key>fileRef</key>
			<string>A286021F1C76080F000E6ED0</string>
			<key>isa</key>
			<string>PBXBuildFile</string>
		</dict>
		<key>A28602211C76080F000E6ED0</key>
		<dict>
			<key>buildConfigurations</key>
			<array>
				<string>A28602221C76080F000E6ED0</string>
				<string>A28602231C76080F000E6ED0</string>
			</array>
			<key>defaultConfigurationIsVisible</key>
			<string>0</string>
			<key>defaultConfigurationName</key>
			<string>Release</string>
			<key>isa</key>
			<string>XCConfigurationList</string>
		</dict>
		<key>A28602221C76080F000E6ED0</key>
		<dict>
			<key>baseConfigurationReference</key>
			<string>FAAFF326BDD84516B9CB278A</string>
			<key>buildSettings</key>
			<dict>
				<key>CLANG_ENABLE_OBJC_ARC</key>
				<string>NO</string>
				<key>EXECUTABLE_PREFIX</key>
				<string></string>
				<key>GCC_INCREASE_PRECOMPILED_HEADER_SHARING</key>
				<string>YES</string>
				<key>GCC_PRECOMPILE_PREFIX_HEADER</key>
				<string>YES</string>
				<key>GCC_PREFIX_HEADER</key>
				<string>ObjC/SRC/IDCSupportFiles/IDCObjC-Prefix.pch</string>
				<key>PRODUCT_NAME</key>
				<string>$(TARGET_NAME)</string>
				<key>SDKROOT</key>
				<string>macosx</string>
			</dict>
			<key>isa</key>
			<string>XCBuildConfiguration</string>
			<key>name</key>
			<string>Debug</string>
		</dict>
		<key>A28602231C76080F000E6ED0</key>
		<dict>
			<key>baseConfigurationReference</key>
			<string>1299ADA0409DEADB59402116</string>
			<key>buildSettings</key>
			<dict>
				<key>CLANG_ENABLE_OBJC_ARC</key>
				<string>NO</string>
				<key>EXECUTABLE_PREFIX</key>
				<string></string>
				<key>GCC_INCREASE_PRECOMPILED_HEADER_SHARING</key>
				<string>YES</string>
				<key>GCC_OPTIMIZATION_LEVEL</key>
				<string>s</string>
				<key>GCC_PRECOMPILE_PREFIX_HEADER</key>
				<string>YES</string>
				<key>GCC_PREFIX_HEADER</key>
				<string>ObjC/SRC/IDCSupportFiles/IDCObjC-Prefix.pch</string>
				<key>PRODUCT_NAME</key>
				<string>$(TARGET_NAME)</string>
				<key>SDKROOT</key>
				<string>macosx</string>
			</dict>
			<key>isa</key>
			<string>XCBuildConfiguration</string>
			<key>name</key>
			<string>Release</string>
		</dict>
		<key>A28602241C760884000E6ED0</key>
		<dict>
			<key>children</key>
			<array>
				<string>A28602251C760884000E6ED0</string>
				<string>A28602261C760884000E6ED0</string>
				<string>A286024F1C760884000E6ED0</string>
			</array>
			<key>isa</key>
			<string>PBXGroup</string>
			<key>path</key>
			<string>C</string>
			<key>sourceTree</key>
			<string>&lt;group&gt;</string>
		</dict>
		<key>A28602251C760884000E6ED0</key>
		<dict>
			<key>fileEncoding</key>
			<string>4</string>
			<key>isa</key>
			<string>PBXFileReference</string>
			<key>lastKnownFileType</key>
			<string>sourcecode.c.c</string>
			<key>path</key>
			<string>main.c</string>
			<key>sourceTree</key>
			<string>&lt;group&gt;</string>
		</dict>
		<key>A28602261C760884000E6ED0</key>
		<dict>
			<key>children</key>
			<array>
				<string>A28602271C760884000E6ED0</string>
				<string>A286022A1C760884000E6ED0</string>
				<string>A286022D1C760884000E6ED0</string>
				<string>A28602301C760884000E6ED0</string>
				<string>A28602311C760884000E6ED0</string>
				<string>A28602341C760884000E6ED0</string>
				<string>A28602371C760884000E6ED0</string>
				<string>A28602391C760884000E6ED0</string>
				<string>A286023C1C760884000E6ED0</string>
				<string>A286023D1C760884000E6ED0</string>
				<string>A28602401C760884000E6ED0</string>
				<string>A28602431C760884000E6ED0</string>
				<string>A28602461C760884000E6ED0</string>
				<string>A28602491C760884000E6ED0</string>
				<string>A286024C1C760884000E6ED0</string>
			</array>
			<key>isa</key>
			<string>PBXGroup</string>
			<key>path</key>
			<string>SRC</string>
			<key>sourceTree</key>
			<string>&lt;group&gt;</string>
		</dict>
		<key>A28602271C760884000E6ED0</key>
		<dict>
			<key>children</key>
			<array>
				<string>A28602281C760884000E6ED0</string>
				<string>A28602291C760884000E6ED0</string>
			</array>
			<key>isa</key>
			<string>PBXGroup</string>
			<key>path</key>
			<string>IDCLection2Macros</string>
			<key>sourceTree</key>
			<string>&lt;group&gt;</string>
		</dict>
		<key>A28602281C760884000E6ED0</key>
		<dict>
			<key>fileEncoding</key>
			<string>4</string>
			<key>isa</key>
			<string>PBXFileReference</string>
			<key>lastKnownFileType</key>
			<string>sourcecode.c.c</string>
			<key>path</key>
			<string>IDCLection2Macros.c</string>
			<key>sourceTree</key>
			<string>&lt;group&gt;</string>
		</dict>
		<key>A28602291C760884000E6ED0</key>
		<dict>
			<key>fileEncoding</key>
			<string>4</string>
			<key>isa</key>
			<string>PBXFileReference</string>
			<key>lastKnownFileType</key>
			<string>sourcecode.c.h</string>
			<key>path</key>
			<string>IDCLection2Macros.h</string>
			<key>sourceTree</key>
			<string>&lt;group&gt;</string>
		</dict>
		<key>A286022A1C760884000E6ED0</key>
		<dict>
			<key>children</key>
			<array>
				<string>A286022B1C760884000E6ED0</string>
				<string>A286022C1C760884000E6ED0</string>
			</array>
			<key>isa</key>
			<string>PBXGroup</string>
			<key>path</key>
			<string>IDCLection3Structure</string>
			<key>sourceTree</key>
			<string>&lt;group&gt;</string>
		</dict>
		<key>A286022B1C760884000E6ED0</key>
		<dict>
			<key>fileEncoding</key>
			<string>4</string>
			<key>isa</key>
			<string>PBXFileReference</string>
			<key>lastKnownFileType</key>
			<string>sourcecode.c.c</string>
			<key>path</key>
			<string>IDCLection3Structure.c</string>
			<key>sourceTree</key>
			<string>&lt;group&gt;</string>
		</dict>
		<key>A286022C1C760884000E6ED0</key>
		<dict>
			<key>fileEncoding</key>
			<string>4</string>
			<key>isa</key>
			<string>PBXFileReference</string>
			<key>lastKnownFileType</key>
			<string>sourcecode.c.h</string>
			<key>path</key>
			<string>IDCLection3Structure.h</string>
			<key>sourceTree</key>
			<string>&lt;group&gt;</string>
		</dict>
		<key>A286022D1C760884000E6ED0</key>
		<dict>
			<key>children</key>
			<array>
				<string>A286022E1C760884000E6ED0</string>
				<string>A286022F1C760884000E6ED0</string>
			</array>
			<key>isa</key>
			<string>PBXGroup</string>
			<key>path</key>
			<string>IDCLection4BitField</string>
			<key>sourceTree</key>
			<string>&lt;group&gt;</string>
		</dict>
		<key>A286022E1C760884000E6ED0</key>
		<dict>
			<key>fileEncoding</key>
			<string>4</string>
			<key>isa</key>
			<string>PBXFileReference</string>
			<key>lastKnownFileType</key>
			<string>sourcecode.c.c</string>
			<key>path</key>
			<string>IDCLection4BitField.c</string>
			<key>sourceTree</key>
			<string>&lt;group&gt;</string>
		</dict>
		<key>A286022F1C760884000E6ED0</key>
		<dict>
			<key>fileEncoding</key>
			<string>4</string>
			<key>isa</key>
			<string>PBXFileReference</string>
			<key>lastKnownFileType</key>
			<string>sourcecode.c.h</string>
			<key>path</key>
			<string>IDCLection4BitField.h</string>
			<key>sourceTree</key>
			<string>&lt;group&gt;</string>
		</dict>
		<key>A28602301C760884000E6ED0</key>
		<dict>
			<key>children</key>
			<array/>
			<key>isa</key>
			<string>PBXGroup</string>
			<key>path</key>
			<string>IDCLection5Context</string>
			<key>sourceTree</key>
			<string>&lt;group&gt;</string>
		</dict>
		<key>A28602311C760884000E6ED0</key>
		<dict>
			<key>children</key>
			<array>
				<string>A28602321C760884000E6ED0</string>
				<string>A28602331C760884000E6ED0</string>
			</array>
			<key>isa</key>
			<string>PBXGroup</string>
			<key>path</key>
			<string>IDCLection5Enumerator</string>
			<key>sourceTree</key>
			<string>&lt;group&gt;</string>
		</dict>
		<key>A28602321C760884000E6ED0</key>
		<dict>
			<key>fileEncoding</key>
			<string>4</string>
			<key>isa</key>
			<string>PBXFileReference</string>
			<key>lastKnownFileType</key>
			<string>sourcecode.c.c</string>
			<key>path</key>
			<string>IDCLection5Enumerator.c</string>
			<key>sourceTree</key>
			<string>&lt;group&gt;</string>
		</dict>
		<key>A28602331C760884000E6ED0</key>
		<dict>
			<key>fileEncoding</key>
			<string>4</string>
			<key>isa</key>
			<string>PBXFileReference</string>
			<key>lastKnownFileType</key>
			<string>sourcecode.c.h</string>
			<key>path</key>
			<string>IDCLection5Enumerator.h</string>
			<key>sourceTree</key>
			<string>&lt;group&gt;</string>
		</dict>
		<key>A28602341C760884000E6ED0</key>
		<dict>
			<key>children</key>
			<array>
				<string>A28602351C760884000E6ED0</string>
				<string>A28602361C760884000E6ED0</string>
			</array>
			<key>isa</key>
			<string>PBXGroup</string>
			<key>path</key>
			<string>IDCLection5LinkedList</string>
			<key>sourceTree</key>
			<string>&lt;group&gt;</string>
		</dict>
		<key>A28602351C760884000E6ED0</key>
		<dict>
			<key>fileEncoding</key>
			<string>4</string>
			<key>isa</key>
			<string>PBXFileReference</string>
			<key>lastKnownFileType</key>
			<string>sourcecode.c.c</string>
			<key>path</key>
			<string>IDCLection5LinkedList.c</string>
			<key>sourceTree</key>
			<string>&lt;group&gt;</string>
		</dict>
		<key>A28602361C760884000E6ED0</key>
		<dict>
			<key>fileEncoding</key>
			<string>4</string>
			<key>isa</key>
			<string>PBXFileReference</string>
			<key>lastKnownFileType</key>
			<string>sourcecode.c.h</string>
			<key>path</key>
			<string>IDCLection5LinkedList.h</string>
			<key>sourceTree</key>
			<string>&lt;group&gt;</string>
		</dict>
		<key>A28602371C760884000E6ED0</key>
		<dict>
			<key>children</key>
			<array>
				<string>A28602381C760884000E6ED0</string>
			</array>
			<key>isa</key>
			<string>PBXGroup</string>
			<key>path</key>
			<string>IDClection5LinkedListPrivateHeader</string>
			<key>sourceTree</key>
			<string>&lt;group&gt;</string>
		</dict>
		<key>A28602381C760884000E6ED0</key>
		<dict>
			<key>fileEncoding</key>
			<string>4</string>
			<key>isa</key>
			<string>PBXFileReference</string>
			<key>lastKnownFileType</key>
			<string>sourcecode.c.h</string>
			<key>path</key>
			<string>IDCLection5LinkedListPrivateHeader.h</string>
			<key>sourceTree</key>
			<string>&lt;group&gt;</string>
		</dict>
		<key>A28602391C760884000E6ED0</key>
		<dict>
			<key>children</key>
			<array>
				<string>A286023A1C760884000E6ED0</string>
				<string>A286023B1C760884000E6ED0</string>
			</array>
			<key>isa</key>
			<string>PBXGroup</string>
			<key>path</key>
			<string>IDCLection5Macro</string>
			<key>sourceTree</key>
			<string>&lt;group&gt;</string>
		</dict>
		<key>A286023A1C760884000E6ED0</key>
		<dict>
			<key>fileEncoding</key>
			<string>4</string>
			<key>isa</key>
			<string>PBXFileReference</string>
			<key>lastKnownFileType</key>
			<string>sourcecode.c.c</string>
			<key>path</key>
			<string>IDCLection5Macros.c</string>
			<key>sourceTree</key>
			<string>&lt;group&gt;</string>
		</dict>
		<key>A286023B1C760884000E6ED0</key>
		<dict>
			<key>fileEncoding</key>
			<string>4</string>
			<key>isa</key>
			<string>PBXFileReference</string>
			<key>lastKnownFileType</key>
			<string>sourcecode.c.h</string>
			<key>path</key>
			<string>IDCLection5Macros.h</string>
			<key>sourceTree</key>
			<string>&lt;group&gt;</string>
		</dict>
		<key>A286023C1C760884000E6ED0</key>
		<dict>
			<key>children</key>
			<array/>
			<key>isa</key>
			<string>PBXGroup</string>
			<key>path</key>
			<string>IDCLection5MutableCount</string>
			<key>sourceTree</key>
			<string>&lt;group&gt;</string>
		</dict>
		<key>A286023D1C760884000E6ED0</key>
		<dict>
			<key>children</key>
			<array>
				<string>A286023E1C760884000E6ED0</string>
				<string>A286023F1C760884000E6ED0</string>
			</array>
			<key>isa</key>
			<string>PBXGroup</string>
			<key>path</key>
			<string>IDCLection5Node</string>
			<key>sourceTree</key>
			<string>&lt;group&gt;</string>
		</dict>
		<key>A286023E1C760884000E6ED0</key>
		<dict>
			<key>fileEncoding</key>
			<string>4</string>
			<key>isa</key>
			<string>PBXFileReference</string>
			<key>lastKnownFileType</key>
			<string>sourcecode.c.c</string>
			<key>path</key>
			<string>IDCLection5Node.c</string>
			<key>sourceTree</key>
			<string>&lt;group&gt;</string>
		</dict>
		<key>A286023F1C760884000E6ED0</key>
		<dict>
			<key>fileEncoding</key>
			<string>4</string>
			<key>isa</key>
			<string>PBXFileReference</string>
			<key>lastKnownFileType</key>
			<string>sourcecode.c.h</string>
			<key>path</key>
			<string>IDCLection5Node.h</string>
			<key>sourceTree</key>
			<string>&lt;group&gt;</string>
		</dict>
		<key>A28602401C760884000E6ED0</key>
		<dict>
			<key>children</key>
			<array>
				<string>A28602411C760884000E6ED0</string>
				<string>A28602421C760884000E6ED0</string>
			</array>
			<key>isa</key>
			<string>PBXGroup</string>
			<key>path</key>
			<string>IDCLection5Object</string>
			<key>sourceTree</key>
			<string>&lt;group&gt;</string>
		</dict>
		<key>A28602411C760884000E6ED0</key>
		<dict>
			<key>fileEncoding</key>
			<string>4</string>
			<key>isa</key>
			<string>PBXFileReference</string>
			<key>lastKnownFileType</key>
			<string>sourcecode.c.c</string>
			<key>path</key>
			<string>IDCLection5Object.c</string>
			<key>sourceTree</key>
			<string>&lt;group&gt;</string>
		</dict>
		<key>A28602421C760884000E6ED0</key>
		<dict>
			<key>fileEncoding</key>
			<string>4</string>
			<key>isa</key>
			<string>PBXFileReference</string>
			<key>lastKnownFileType</key>
			<string>sourcecode.c.h</string>
			<key>path</key>
			<string>IDCLection5Object.h</string>
			<key>sourceTree</key>
			<string>&lt;group&gt;</string>
		</dict>
		<key>A28602431C760884000E6ED0</key>
		<dict>
			<key>children</key>
			<array>
				<string>A28602441C760884000E6ED0</string>
				<string>A28602451C760884000E6ED0</string>
			</array>
			<key>isa</key>
			<string>PBXGroup</string>
			<key>path</key>
			<string>IDCLection5ObjectArray</string>
			<key>sourceTree</key>
			<string>&lt;group&gt;</string>
		</dict>
		<key>A28602441C760884000E6ED0</key>
		<dict>
			<key>fileEncoding</key>
			<string>4</string>
			<key>isa</key>
			<string>PBXFileReference</string>
			<key>lastKnownFileType</key>
			<string>sourcecode.c.c</string>
			<key>path</key>
			<string>IDCLection5ObjectArray.c</string>
			<key>sourceTree</key>
			<string>&lt;group&gt;</string>
		</dict>
		<key>A28602451C760884000E6ED0</key>
		<dict>
			<key>fileEncoding</key>
			<string>4</string>
			<key>isa</key>
			<string>PBXFileReference</string>
			<key>lastKnownFileType</key>
			<string>sourcecode.c.h</string>
			<key>path</key>
			<string>IDCLection5ObjectArray.h</string>
			<key>sourceTree</key>
			<string>&lt;group&gt;</string>
		</dict>
		<key>A28602461C760884000E6ED0</key>
		<dict>
			<key>children</key>
			<array>
				<string>A28602471C760884000E6ED0</string>
				<string>A28602481C760884000E6ED0</string>
			</array>
			<key>isa</key>
			<string>PBXGroup</string>
			<key>path</key>
			<string>IDCLection5ObjectDynamicArray</string>
			<key>sourceTree</key>
			<string>&lt;group&gt;</string>
		</dict>
		<key>A28602471C760884000E6ED0</key>
		<dict>
			<key>fileEncoding</key>
			<string>4</string>
			<key>isa</key>
			<string>PBXFileReference</string>
			<key>lastKnownFileType</key>
			<string>sourcecode.c.c</string>
			<key>path</key>
			<string>IDCLection5ObjectDynamicArray.c</string>
			<key>sourceTree</key>
			<string>&lt;group&gt;</string>
		</dict>
		<key>A28602481C760884000E6ED0</key>
		<dict>
			<key>fileEncoding</key>
			<string>4</string>
			<key>isa</key>
			<string>PBXFileReference</string>
			<key>lastKnownFileType</key>
			<string>sourcecode.c.h</string>
			<key>path</key>
			<string>IDCLection5ObjectDynamicArray.h</string>
			<key>sourceTree</key>
			<string>&lt;group&gt;</string>
		</dict>
		<key>A28602491C760884000E6ED0</key>
		<dict>
			<key>children</key>
			<array>
				<string>A286024A1C760884000E6ED0</string>
				<string>A286024B1C760884000E6ED0</string>
			</array>
			<key>isa</key>
			<string>PBXGroup</string>
			<key>path</key>
			<string>IDCLection5ObjectHuman</string>
			<key>sourceTree</key>
			<string>&lt;group&gt;</string>
		</dict>
		<key>A286024A1C760884000E6ED0</key>
		<dict>
			<key>fileEncoding</key>
			<string>4</string>
			<key>isa</key>
			<string>PBXFileReference</string>
			<key>lastKnownFileType</key>
			<string>sourcecode.c.c</string>
			<key>path</key>
			<string>IDCLection5ObjectHuman.c</string>
			<key>sourceTree</key>
			<string>&lt;group&gt;</string>
		</dict>
		<key>A286024B1C760884000E6ED0</key>
		<dict>
			<key>fileEncoding</key>
			<string>4</string>
			<key>isa</key>
			<string>PBXFileReference</string>
			<key>lastKnownFileType</key>
			<string>sourcecode.c.h</string>
			<key>path</key>
			<string>IDCLection5ObjectHuman.h</string>
			<key>sourceTree</key>
			<string>&lt;group&gt;</string>
		</dict>
		<key>A286024C1C760884000E6ED0</key>
		<dict>
			<key>children</key>
			<array>
				<string>A286024D1C760884000E6ED0</string>
				<string>A286024E1C760884000E6ED0</string>
			</array>
			<key>isa</key>
			<string>PBXGroup</string>
			<key>path</key>
			<string>IDCLection5ObjectString</string>
			<key>sourceTree</key>
			<string>&lt;group&gt;</string>
		</dict>
		<key>A286024D1C760884000E6ED0</key>
		<dict>
			<key>fileEncoding</key>
			<string>4</string>
			<key>isa</key>
			<string>PBXFileReference</string>
			<key>lastKnownFileType</key>
			<string>sourcecode.c.c</string>
			<key>path</key>
			<string>IDCLection5ObjectString.c</string>
			<key>sourceTree</key>
			<string>&lt;group&gt;</string>
		</dict>
		<key>A286024E1C760884000E6ED0</key>
		<dict>
			<key>fileEncoding</key>
			<string>4</string>
			<key>isa</key>
			<string>PBXFileReference</string>
			<key>lastKnownFileType</key>
			<string>sourcecode.c.h</string>
			<key>path</key>
			<string>IDCLection5ObjectString.h</string>
			<key>sourceTree</key>
			<string>&lt;group&gt;</string>
		</dict>
		<key>A286024F1C760884000E6ED0</key>
		<dict>
			<key>children</key>
			<array>
				<string>A28602501C760884000E6ED0</string>
				<string>A28602531C760884000E6ED0</string>
				<string>A28602561C760884000E6ED0</string>
				<string>A28602591C760884000E6ED0</string>
			</array>
			<key>isa</key>
			<string>PBXGroup</string>
			<key>path</key>
			<string>Test</string>
			<key>sourceTree</key>
			<string>&lt;group&gt;</string>
		</dict>
		<key>A28602501C760884000E6ED0</key>
		<dict>
			<key>children</key>
			<array>
				<string>A28602511C760884000E6ED0</string>
				<string>A28602521C760884000E6ED0</string>
			</array>
			<key>isa</key>
			<string>PBXGroup</string>
			<key>path</key>
			<string>IDCLection2MacrosTest</string>
			<key>sourceTree</key>
			<string>&lt;group&gt;</string>
		</dict>
		<key>A28602511C760884000E6ED0</key>
		<dict>
			<key>fileEncoding</key>
			<string>4</string>
			<key>isa</key>
			<string>PBXFileReference</string>
			<key>lastKnownFileType</key>
			<string>sourcecode.c.c</string>
			<key>path</key>
			<string>IDCLection2MacrosTest.c</string>
			<key>sourceTree</key>
			<string>&lt;group&gt;</string>
		</dict>
		<key>A28602521C760884000E6ED0</key>
		<dict>
			<key>fileEncoding</key>
			<string>4</string>
			<key>isa</key>
			<string>PBXFileReference</string>
			<key>lastKnownFileType</key>
			<string>sourcecode.c.h</string>
			<key>path</key>
			<string>IDCLection2MacrosTest.h</string>
			<key>sourceTree</key>
			<string>&lt;group&gt;</string>
		</dict>
		<key>A28602531C760884000E6ED0</key>
		<dict>
			<key>children</key>
			<array>
				<string>A28602541C760884000E6ED0</string>
				<string>A28602551C760884000E6ED0</string>
			</array>
			<key>isa</key>
			<string>PBXGroup</string>
			<key>path</key>
			<string>IDCLection3StructureTest</string>
			<key>sourceTree</key>
			<string>&lt;group&gt;</string>
		</dict>
		<key>A28602541C760884000E6ED0</key>
		<dict>
			<key>fileEncoding</key>
			<string>4</string>
			<key>isa</key>
			<string>PBXFileReference</string>
			<key>lastKnownFileType</key>
			<string>sourcecode.c.c</string>
			<key>path</key>
			<string>IDCLection3StructureTest.c</string>
			<key>sourceTree</key>
			<string>&lt;group&gt;</string>
		</dict>
		<key>A28602551C760884000E6ED0</key>
		<dict>
			<key>fileEncoding</key>
			<string>4</string>
			<key>isa</key>
			<string>PBXFileReference</string>
			<key>lastKnownFileType</key>
			<string>sourcecode.c.h</string>
			<key>path</key>
			<string>IDCLection3StructureTest.h</string>
			<key>sourceTree</key>
			<string>&lt;group&gt;</string>
		</dict>
		<key>A28602561C760884000E6ED0</key>
		<dict>
			<key>children</key>
			<array>
				<string>A28602571C760884000E6ED0</string>
				<string>A28602581C760884000E6ED0</string>
			</array>
			<key>isa</key>
			<string>PBXGroup</string>
			<key>path</key>
			<string>IDCLection4BitFieldTest</string>
			<key>sourceTree</key>
			<string>&lt;group&gt;</string>
		</dict>
		<key>A28602571C760884000E6ED0</key>
		<dict>
			<key>fileEncoding</key>
			<string>4</string>
			<key>isa</key>
			<string>PBXFileReference</string>
			<key>lastKnownFileType</key>
			<string>sourcecode.c.c</string>
			<key>path</key>
			<string>IDCLection4BitFieldTest.c</string>
			<key>sourceTree</key>
			<string>&lt;group&gt;</string>
		</dict>
		<key>A28602581C760884000E6ED0</key>
		<dict>
			<key>fileEncoding</key>
			<string>4</string>
			<key>isa</key>
			<string>PBXFileReference</string>
			<key>lastKnownFileType</key>
			<string>sourcecode.c.h</string>
			<key>path</key>
			<string>IDCLection4BitFieldTest.h</string>
			<key>sourceTree</key>
			<string>&lt;group&gt;</string>
		</dict>
		<key>A28602591C760884000E6ED0</key>
		<dict>
			<key>children</key>
			<array>
				<string>A286025A1C760884000E6ED0</string>
				<string>A286025B1C760884000E6ED0</string>
			</array>
			<key>isa</key>
			<string>PBXGroup</string>
			<key>path</key>
			<string>IDCLection5ObjectHumanTest</string>
			<key>sourceTree</key>
			<string>&lt;group&gt;</string>
		</dict>
		<key>A286025A1C760884000E6ED0</key>
		<dict>
			<key>fileEncoding</key>
			<string>4</string>
			<key>isa</key>
			<string>PBXFileReference</string>
			<key>lastKnownFileType</key>
			<string>sourcecode.c.c</string>
			<key>path</key>
			<string>IDCLection5ObjectHumanTest.c</string>
			<key>sourceTree</key>
			<string>&lt;group&gt;</string>
		</dict>
		<key>A286025B1C760884000E6ED0</key>
		<dict>
			<key>fileEncoding</key>
			<string>4</string>
			<key>isa</key>
			<string>PBXFileReference</string>
			<key>lastKnownFileType</key>
			<string>sourcecode.c.h</string>
			<key>path</key>
			<string>IDCLection5ObjectHumanTest.h</string>
			<key>sourceTree</key>
			<string>&lt;group&gt;</string>
		</dict>
		<key>A286025C1C760884000E6ED0</key>
		<dict>
			<key>fileRef</key>
			<string>A28602251C760884000E6ED0</string>
			<key>isa</key>
			<string>PBXBuildFile</string>
		</dict>
		<key>A286025D1C760884000E6ED0</key>
		<dict>
			<key>fileRef</key>
			<string>A28602281C760884000E6ED0</string>
			<key>isa</key>
			<string>PBXBuildFile</string>
		</dict>
		<key>A286025E1C760884000E6ED0</key>
		<dict>
			<key>fileRef</key>
			<string>A286022B1C760884000E6ED0</string>
			<key>isa</key>
			<string>PBXBuildFile</string>
		</dict>
		<key>A286025F1C760884000E6ED0</key>
		<dict>
			<key>fileRef</key>
			<string>A286022E1C760884000E6ED0</string>
			<key>isa</key>
			<string>PBXBuildFile</string>
		</dict>
		<key>A28602601C760884000E6ED0</key>
		<dict>
			<key>fileRef</key>
			<string>A28602321C760884000E6ED0</string>
			<key>isa</key>
			<string>PBXBuildFile</string>
		</dict>
		<key>A28602611C760884000E6ED0</key>
		<dict>
			<key>fileRef</key>
			<string>A28602351C760884000E6ED0</string>
			<key>isa</key>
			<string>PBXBuildFile</string>
		</dict>
		<key>A28602621C760884000E6ED0</key>
		<dict>
			<key>fileRef</key>
			<string>A286023A1C760884000E6ED0</string>
			<key>isa</key>
			<string>PBXBuildFile</string>
		</dict>
		<key>A28602631C760884000E6ED0</key>
		<dict>
			<key>fileRef</key>
			<string>A286023E1C760884000E6ED0</string>
			<key>isa</key>
			<string>PBXBuildFile</string>
		</dict>
		<key>A28602641C760884000E6ED0</key>
		<dict>
			<key>fileRef</key>
			<string>A28602411C760884000E6ED0</string>
			<key>isa</key>
			<string>PBXBuildFile</string>
		</dict>
		<key>A28602651C760884000E6ED0</key>
		<dict>
			<key>fileRef</key>
			<string>A28602441C760884000E6ED0</string>
			<key>isa</key>
			<string>PBXBuildFile</string>
		</dict>
		<key>A28602661C760884000E6ED0</key>
		<dict>
			<key>fileRef</key>
			<string>A28602471C760884000E6ED0</string>
			<key>isa</key>
			<string>PBXBuildFile</string>
		</dict>
		<key>A28602671C760884000E6ED0</key>
		<dict>
			<key>fileRef</key>
			<string>A286024A1C760884000E6ED0</string>
			<key>isa</key>
			<string>PBXBuildFile</string>
		</dict>
		<key>A28602681C760884000E6ED0</key>
		<dict>
			<key>fileRef</key>
			<string>A286024D1C760884000E6ED0</string>
			<key>isa</key>
			<string>PBXBuildFile</string>
		</dict>
		<key>A28602691C760884000E6ED0</key>
		<dict>
			<key>fileRef</key>
			<string>A28602511C760884000E6ED0</string>
			<key>isa</key>
			<string>PBXBuildFile</string>
		</dict>
		<key>A286026A1C760884000E6ED0</key>
		<dict>
			<key>fileRef</key>
			<string>A28602541C760884000E6ED0</string>
			<key>isa</key>
			<string>PBXBuildFile</string>
		</dict>
		<key>A286026B1C760884000E6ED0</key>
		<dict>
			<key>fileRef</key>
			<string>A28602571C760884000E6ED0</string>
			<key>isa</key>
			<string>PBXBuildFile</string>
		</dict>
		<key>A286026C1C760884000E6ED0</key>
		<dict>
			<key>fileRef</key>
			<string>A286025A1C760884000E6ED0</string>
			<key>isa</key>
			<string>PBXBuildFile</string>
		</dict>
		<key>A28602701C76096E000E6ED0</key>
		<dict>
			<key>children</key>
			<array>
				<string>A26F9F741CA9A36C00CA9859</string>
				<string>A26F9F701CA99E8E00CA9859</string>
				<string>A26F9F411CA98FEE00CA9859</string>
				<string>A27BA10F1C7F6FB200EB007F</string>
				<string>A27BA10B1C7F626200EB007F</string>
				<string>A27BA1041C7B63BD00EB007F</string>
				<string>A27BA1031C7B63A200EB007F</string>
				<string>A28602711C76097E000E6ED0</string>
			</array>
			<key>isa</key>
			<string>PBXGroup</string>
			<key>name</key>
			<string>SRC</string>
			<key>sourceTree</key>
			<string>&lt;group&gt;</string>
		</dict>
		<key>A28602711C76097E000E6ED0</key>
		<dict>
			<key>children</key>
			<array>
				<string>A27BA0FD1C7B0CF300EB007F</string>
				<string>A27BA0FE1C7B0CF300EB007F</string>
			</array>
			<key>isa</key>
			<string>PBXGroup</string>
			<key>name</key>
			<string>IDCTask1Creature</string>
			<key>sourceTree</key>
			<string>&lt;group&gt;</string>
		</dict>
		<key>A28602721C76098A000E6ED0</key>
		<dict>
			<key>children</key>
			<array>
				<string>A27BA1001C7B0D3B00EB007F</string>
				<string>A27BA1011C7B0D3B00EB007F</string>
			</array>
			<key>isa</key>
			<string>PBXGroup</string>
			<key>name</key>
			<string>IDCTask1CreatureTest</string>
			<key>sourceTree</key>
			<string>&lt;group&gt;</string>
		</dict>
		<key>A2E45FD51C8D9342009F0BEA</key>
		<dict>
			<key>children</key>
			<array>
				<string>A2E45FD61C8D944D009F0BEA</string>
				<string>A24350E21C8D9FF100EE188F</string>
				<string>A24350E31C8D9FF100EE188F</string>
			</array>
			<key>isa</key>
			<string>PBXGroup</string>
			<key>name</key>
			<string>IDCTask5Alphabet</string>
			<key>sourceTree</key>
			<string>&lt;group&gt;</string>
		</dict>
		<key>A2E45FD61C8D944D009F0BEA</key>
		<dict>
			<key>children</key>
			<array>
				<string>A24350E51C8DA03C00EE188F</string>
				<string>A24350E61C8DA03C00EE188F</string>
				<string>A24350E81C8DA05100EE188F</string>
				<string>A24350E91C8DA05100EE188F</string>
				<string>A24350EB1C8DA06500EE188F</string>
				<string>A24350EC1C8DA06500EE188F</string>
			</array>
			<key>isa</key>
			<string>PBXGroup</string>
			<key>name</key>
			<string>Private</string>
			<key>sourceTree</key>
			<string>&lt;group&gt;</string>
		</dict>
		<key>F128CE84037F95DD103A0FE8</key>
		<dict>
			<key>children</key>
			<array>
				<string>FAAFF326BDD84516B9CB278A</string>
				<string>1299ADA0409DEADB59402116</string>
			</array>
			<key>isa</key>
			<string>PBXGroup</string>
			<key>name</key>
			<string>Pods</string>
			<key>sourceTree</key>
			<string>&lt;group&gt;</string>
		</dict>
		<key>F5AA41127C3647882A620D80</key>
		<dict>
			<key>buildActionMask</key>
			<string>2147483647</string>
			<key>files</key>
			<array/>
			<key>inputPaths</key>
			<array/>
			<key>isa</key>
			<string>PBXShellScriptBuildPhase</string>
			<key>name</key>
			<string>Check Pods Manifest.lock</string>
			<key>outputPaths</key>
			<array/>
			<key>runOnlyForDeploymentPostprocessing</key>
			<string>0</string>
			<key>shellPath</key>
			<string>/bin/sh</string>
			<key>shellScript</key>
			<string>diff "${PODS_ROOT}/../Podfile.lock" "${PODS_ROOT}/Manifest.lock" &gt; /dev/null
if [[ $? != 0 ]] ; then
    cat &lt;&lt; EOM
error: The sandbox is not in sync with the Podfile.lock. Run 'pod install' or update your CocoaPods installation.
EOM
    exit 1
fi
</string>
			<key>showEnvVarsInLog</key>
			<string>0</string>
		</dict>
		<key>FAAFF326BDD84516B9CB278A</key>
		<dict>
			<key>includeInIndex</key>
			<string>1</string>
			<key>isa</key>
			<string>PBXFileReference</string>
			<key>lastKnownFileType</key>
			<string>text.xcconfig</string>
			<key>name</key>
			<string>Pods-ObjC.debug.xcconfig</string>
			<key>path</key>
			<string>Pods/Target Support Files/Pods-ObjC/Pods-ObjC.debug.xcconfig</string>
			<key>sourceTree</key>
			<string>&lt;group&gt;</string>
		</dict>
	</dict>
	<key>rootObject</key>
	<string>A21ED8511C30C98F00FC8564</string>
</dict>
</plist>
