// !$*UTF8*$!
{
	archiveVersion = 1;
	classes = {
	};
	objectVersion = 46;
	objects = {

/* Begin PBXBuildFile section */
		A24350E41C8D9FF100EE188F /* IDCAlphabet.m in Sources */ = {isa = PBXBuildFile; fileRef = A24350E31C8D9FF100EE188F /* IDCAlphabet.m */; };
		A24350E71C8DA03C00EE188F /* IDCRangeAlphabet.m in Sources */ = {isa = PBXBuildFile; fileRef = A24350E61C8DA03C00EE188F /* IDCRangeAlphabet.m */; };
		A24350EA1C8DA05100EE188F /* IDCStringAlphabet.m in Sources */ = {isa = PBXBuildFile; fileRef = A24350E91C8DA05100EE188F /* IDCStringAlphabet.m */; };
		A24350ED1C8DA06500EE188F /* IDCClusterAlphabet.m in Sources */ = {isa = PBXBuildFile; fileRef = A24350EC1C8DA06500EE188F /* IDCClusterAlphabet.m */; };
		A27BA0FF1C7B0CF300EB007F /* IDCCreature.m in Sources */ = {isa = PBXBuildFile; fileRef = A27BA0FE1C7B0CF300EB007F /* IDCCreature.m */; };
		A27BA1021C7B0D3B00EB007F /* IDCCreatureTest.m in Sources */ = {isa = PBXBuildFile; fileRef = A27BA1011C7B0D3B00EB007F /* IDCCreatureTest.m */; };
		A27BA1071C7B63ED00EB007F /* IDCMale.m in Sources */ = {isa = PBXBuildFile; fileRef = A27BA1061C7B63ED00EB007F /* IDCMale.m */; };
		A27BA10A1C7B641600EB007F /* IDCFemale.m in Sources */ = {isa = PBXBuildFile; fileRef = A27BA1091C7B641600EB007F /* IDCFemale.m */; };
		A27BA10E1C7F62ED00EB007F /* NSObject+IDCCategory.m in Sources */ = {isa = PBXBuildFile; fileRef = A27BA10D1C7F62ED00EB007F /* NSObject+IDCCategory.m */; };
		A27BA1151C7FA4DF00EB007F /* NSString+IDCRandomString.m in Sources */ = {isa = PBXBuildFile; fileRef = A27BA1141C7FA4DF00EB007F /* NSString+IDCRandomString.m */; };
		A27CD3941C90D96700BBB4F1 /* IDCEnterprise.m in Sources */ = {isa = PBXBuildFile; fileRef = A27CD3931C90D96700BBB4F1 /* IDCEnterprise.m */; };
		A27CD3971C90D99000BBB4F1 /* IDCWorker.m in Sources */ = {isa = PBXBuildFile; fileRef = A27CD3961C90D99000BBB4F1 /* IDCWorker.m */; };
		A27CD39A1C90D9AA00BBB4F1 /* IDCCar.m in Sources */ = {isa = PBXBuildFile; fileRef = A27CD3991C90D9AA00BBB4F1 /* IDCCar.m */; };
		A27CD39E1C90E2D000BBB4F1 /* IDCConstants.m in Sources */ = {isa = PBXBuildFile; fileRef = A27CD39D1C90E2D000BBB4F1 /* IDCConstants.m */; };
		A28602201C76080F000E6ED0 /* main.m in Sources */ = {isa = PBXBuildFile; fileRef = A286021F1C76080F000E6ED0 /* main.m */; };
		A286025C1C760884000E6ED0 /* main.c in Sources */ = {isa = PBXBuildFile; fileRef = A28602251C760884000E6ED0 /* main.c */; };
		A286025D1C760884000E6ED0 /* IDCLection2Macros.c in Sources */ = {isa = PBXBuildFile; fileRef = A28602281C760884000E6ED0 /* IDCLection2Macros.c */; };
		A286025E1C760884000E6ED0 /* IDCLection3Structure.c in Sources */ = {isa = PBXBuildFile; fileRef = A286022B1C760884000E6ED0 /* IDCLection3Structure.c */; };
		A286025F1C760884000E6ED0 /* IDCLection4BitField.c in Sources */ = {isa = PBXBuildFile; fileRef = A286022E1C760884000E6ED0 /* IDCLection4BitField.c */; };
		A28602601C760884000E6ED0 /* IDCLection5Enumerator.c in Sources */ = {isa = PBXBuildFile; fileRef = A28602321C760884000E6ED0 /* IDCLection5Enumerator.c */; };
		A28602611C760884000E6ED0 /* IDCLection5LinkedList.c in Sources */ = {isa = PBXBuildFile; fileRef = A28602351C760884000E6ED0 /* IDCLection5LinkedList.c */; };
		A28602621C760884000E6ED0 /* IDCLection5Macros.c in Sources */ = {isa = PBXBuildFile; fileRef = A286023A1C760884000E6ED0 /* IDCLection5Macros.c */; };
		A28602631C760884000E6ED0 /* IDCLection5Node.c in Sources */ = {isa = PBXBuildFile; fileRef = A286023E1C760884000E6ED0 /* IDCLection5Node.c */; };
		A28602641C760884000E6ED0 /* IDCLection5Object.c in Sources */ = {isa = PBXBuildFile; fileRef = A28602411C760884000E6ED0 /* IDCLection5Object.c */; };
		A28602651C760884000E6ED0 /* IDCLection5ObjectArray.c in Sources */ = {isa = PBXBuildFile; fileRef = A28602441C760884000E6ED0 /* IDCLection5ObjectArray.c */; };
		A28602661C760884000E6ED0 /* IDCLection5ObjectDynamicArray.c in Sources */ = {isa = PBXBuildFile; fileRef = A28602471C760884000E6ED0 /* IDCLection5ObjectDynamicArray.c */; };
		A28602671C760884000E6ED0 /* IDCLection5ObjectHuman.c in Sources */ = {isa = PBXBuildFile; fileRef = A286024A1C760884000E6ED0 /* IDCLection5ObjectHuman.c */; };
		A28602681C760884000E6ED0 /* IDCLection5ObjectString.c in Sources */ = {isa = PBXBuildFile; fileRef = A286024D1C760884000E6ED0 /* IDCLection5ObjectString.c */; };
		A28602691C760884000E6ED0 /* IDCLection2MacrosTest.c in Sources */ = {isa = PBXBuildFile; fileRef = A28602511C760884000E6ED0 /* IDCLection2MacrosTest.c */; };
		A286026A1C760884000E6ED0 /* IDCLection3StructureTest.c in Sources */ = {isa = PBXBuildFile; fileRef = A28602541C760884000E6ED0 /* IDCLection3StructureTest.c */; };
		A286026B1C760884000E6ED0 /* IDCLection4BitFieldTest.c in Sources */ = {isa = PBXBuildFile; fileRef = A28602571C760884000E6ED0 /* IDCLection4BitFieldTest.c */; };
		A286026C1C760884000E6ED0 /* IDCLection5ObjectHumanTest.c in Sources */ = {isa = PBXBuildFile; fileRef = A286025A1C760884000E6ED0 /* IDCLection5ObjectHumanTest.c */; };
/* End PBXBuildFile section */

/* Begin PBXCopyFilesBuildPhase section */
		A21ED8571C30C98F00FC8564 /* CopyFiles */ = {
			isa = PBXCopyFilesBuildPhase;
			buildActionMask = 2147483647;
			dstPath = /usr/share/man/man1/;
			dstSubfolderSpec = 0;
			files = (
			);
			runOnlyForDeploymentPostprocessing = 1;
		};
		A286021B1C76080F000E6ED0 /* CopyFiles */ = {
			isa = PBXCopyFilesBuildPhase;
			buildActionMask = 2147483647;
			dstPath = /usr/share/man/man1/;
			dstSubfolderSpec = 0;
			files = (
			);
			runOnlyForDeploymentPostprocessing = 1;
		};
/* End PBXCopyFilesBuildPhase section */

/* Begin PBXFileReference section */
		A21ED8591C30C98F00FC8564 /* C */ = {isa = PBXFileReference; explicitFileType = "compiled.mach-o.executable"; includeInIndex = 0; path = C; sourceTree = BUILT_PRODUCTS_DIR; };
		A24350E21C8D9FF100EE188F /* IDCAlphabet.h */ = {isa = PBXFileReference; fileEncoding = 4; lastKnownFileType = sourcecode.c.h; name = IDCAlphabet.h; path = SRC/IDCCategory/IDCTask5Alphabet/IDCAlphabet.h; sourceTree = "<group>"; };
		A24350E31C8D9FF100EE188F /* IDCAlphabet.m */ = {isa = PBXFileReference; fileEncoding = 4; lastKnownFileType = sourcecode.c.objc; name = IDCAlphabet.m; path = SRC/IDCCategory/IDCTask5Alphabet/IDCAlphabet.m; sourceTree = "<group>"; };
		A24350E51C8DA03C00EE188F /* IDCRangeAlphabet.h */ = {isa = PBXFileReference; fileEncoding = 4; lastKnownFileType = sourcecode.c.h; name = IDCRangeAlphabet.h; path = SRC/IDCCategory/IDCTask5Alphabet/Private/IDCRangeAlphabet.h; sourceTree = "<group>"; };
		A24350E61C8DA03C00EE188F /* IDCRangeAlphabet.m */ = {isa = PBXFileReference; fileEncoding = 4; lastKnownFileType = sourcecode.c.objc; name = IDCRangeAlphabet.m; path = SRC/IDCCategory/IDCTask5Alphabet/Private/IDCRangeAlphabet.m; sourceTree = "<group>"; };
		A24350E81C8DA05100EE188F /* IDCStringAlphabet.h */ = {isa = PBXFileReference; fileEncoding = 4; lastKnownFileType = sourcecode.c.h; name = IDCStringAlphabet.h; path = SRC/IDCCategory/IDCTask5Alphabet/Private/IDCStringAlphabet.h; sourceTree = "<group>"; };
		A24350E91C8DA05100EE188F /* IDCStringAlphabet.m */ = {isa = PBXFileReference; fileEncoding = 4; lastKnownFileType = sourcecode.c.objc; name = IDCStringAlphabet.m; path = SRC/IDCCategory/IDCTask5Alphabet/Private/IDCStringAlphabet.m; sourceTree = "<group>"; };
		A24350EB1C8DA06500EE188F /* IDCClusterAlphabet.h */ = {isa = PBXFileReference; fileEncoding = 4; lastKnownFileType = sourcecode.c.h; name = IDCClusterAlphabet.h; path = SRC/IDCCategory/IDCTask5Alphabet/Private/IDCClusterAlphabet.h; sourceTree = "<group>"; };
		A24350EC1C8DA06500EE188F /* IDCClusterAlphabet.m */ = {isa = PBXFileReference; fileEncoding = 4; lastKnownFileType = sourcecode.c.objc; name = IDCClusterAlphabet.m; path = SRC/IDCCategory/IDCTask5Alphabet/Private/IDCClusterAlphabet.m; sourceTree = "<group>"; };
		A27BA0FD1C7B0CF300EB007F /* IDCCreature.h */ = {isa = PBXFileReference; fileEncoding = 4; lastKnownFileType = sourcecode.c.h; name = IDCCreature.h; path = SRC/IDCTask1Creature/IDCCreature.h; sourceTree = "<group>"; };
		A27BA0FE1C7B0CF300EB007F /* IDCCreature.m */ = {isa = PBXFileReference; fileEncoding = 4; lastKnownFileType = sourcecode.c.objc; name = IDCCreature.m; path = SRC/IDCTask1Creature/IDCCreature.m; sourceTree = "<group>"; };
		A27BA1001C7B0D3B00EB007F /* IDCCreatureTest.h */ = {isa = PBXFileReference; fileEncoding = 4; lastKnownFileType = sourcecode.c.h; name = IDCCreatureTest.h; path = Test/IDCTask1CreatureTest/IDCCreatureTest.h; sourceTree = "<group>"; };
		A27BA1011C7B0D3B00EB007F /* IDCCreatureTest.m */ = {isa = PBXFileReference; fileEncoding = 4; lastKnownFileType = sourcecode.c.objc; name = IDCCreatureTest.m; path = Test/IDCTask1CreatureTest/IDCCreatureTest.m; sourceTree = "<group>"; };
		A27BA1051C7B63ED00EB007F /* IDCMale.h */ = {isa = PBXFileReference; fileEncoding = 4; lastKnownFileType = sourcecode.c.h; name = IDCMale.h; path = SRC/IDCTask2Male/IDCMale.h; sourceTree = "<group>"; };
		A27BA1061C7B63ED00EB007F /* IDCMale.m */ = {isa = PBXFileReference; fileEncoding = 4; lastKnownFileType = sourcecode.c.objc; name = IDCMale.m; path = SRC/IDCTask2Male/IDCMale.m; sourceTree = "<group>"; };
		A27BA1081C7B641600EB007F /* IDCFemale.h */ = {isa = PBXFileReference; fileEncoding = 4; lastKnownFileType = sourcecode.c.h; name = IDCFemale.h; path = SRC/IDCTask2Female/IDCFemale.h; sourceTree = "<group>"; };
		A27BA1091C7B641600EB007F /* IDCFemale.m */ = {isa = PBXFileReference; fileEncoding = 4; lastKnownFileType = sourcecode.c.objc; name = IDCFemale.m; path = SRC/IDCTask2Female/IDCFemale.m; sourceTree = "<group>"; };
		A27BA10C1C7F62ED00EB007F /* NSObject+IDCCategory.h */ = {isa = PBXFileReference; fileEncoding = 4; lastKnownFileType = sourcecode.c.h; name = "NSObject+IDCCategory.h"; path = "SRC/IDCCategory/NSObject+IDCCategory.h"; sourceTree = "<group>"; };
		A27BA10D1C7F62ED00EB007F /* NSObject+IDCCategory.m */ = {isa = PBXFileReference; fileEncoding = 4; lastKnownFileType = sourcecode.c.objc; name = "NSObject+IDCCategory.m"; path = "SRC/IDCCategory/NSObject+IDCCategory.m"; sourceTree = "<group>"; };
		A27BA1101C7FA24100EB007F /* IDCObjC-Prefix.pch */ = {isa = PBXFileReference; fileEncoding = 4; lastKnownFileType = sourcecode.c.h; name = "IDCObjC-Prefix.pch"; path = "SRC/IDCSupportFiles/IDCObjC-Prefix.pch"; sourceTree = "<group>"; };
		A27BA1131C7FA4DF00EB007F /* NSString+IDCRandomString.h */ = {isa = PBXFileReference; fileEncoding = 4; lastKnownFileType = sourcecode.c.h; name = "NSString+IDCRandomString.h"; path = "SRC/IDCCategory/NSString+IDCRandomString.h"; sourceTree = "<group>"; };
		A27BA1141C7FA4DF00EB007F /* NSString+IDCRandomString.m */ = {isa = PBXFileReference; fileEncoding = 4; lastKnownFileType = sourcecode.c.objc; name = "NSString+IDCRandomString.m"; path = "SRC/IDCCategory/NSString+IDCRandomString.m"; sourceTree = "<group>"; };
		A27CD3921C90D96700BBB4F1 /* IDCEnterprise.h */ = {isa = PBXFileReference; fileEncoding = 4; lastKnownFileType = sourcecode.c.h; name = IDCEnterprise.h; path = SRC/IDCCarWash/IDCEnterprise.h; sourceTree = "<group>"; };
		A27CD3931C90D96700BBB4F1 /* IDCEnterprise.m */ = {isa = PBXFileReference; fileEncoding = 4; lastKnownFileType = sourcecode.c.objc; name = IDCEnterprise.m; path = SRC/IDCCarWash/IDCEnterprise.m; sourceTree = "<group>"; };
		A27CD3951C90D99000BBB4F1 /* IDCWorker.h */ = {isa = PBXFileReference; fileEncoding = 4; lastKnownFileType = sourcecode.c.h; name = IDCWorker.h; path = SRC/IDCCarWash/IDCWorker.h; sourceTree = "<group>"; };
		A27CD3961C90D99000BBB4F1 /* IDCWorker.m */ = {isa = PBXFileReference; fileEncoding = 4; lastKnownFileType = sourcecode.c.objc; name = IDCWorker.m; path = SRC/IDCCarWash/IDCWorker.m; sourceTree = "<group>"; };
		A27CD3981C90D9AA00BBB4F1 /* IDCCar.h */ = {isa = PBXFileReference; fileEncoding = 4; lastKnownFileType = sourcecode.c.h; name = IDCCar.h; path = SRC/IDCCarWash/IDCCar.h; sourceTree = "<group>"; };
		A27CD3991C90D9AA00BBB4F1 /* IDCCar.m */ = {isa = PBXFileReference; fileEncoding = 4; lastKnownFileType = sourcecode.c.objc; name = IDCCar.m; path = SRC/IDCCarWash/IDCCar.m; sourceTree = "<group>"; };
		A27CD39C1C90E2D000BBB4F1 /* IDCConstants.h */ = {isa = PBXFileReference; fileEncoding = 4; lastKnownFileType = sourcecode.c.h; name = IDCConstants.h; path = SRC/IDCCarWash/IDCConstants.h; sourceTree = "<group>"; };
		A27CD39D1C90E2D000BBB4F1 /* IDCConstants.m */ = {isa = PBXFileReference; fileEncoding = 4; lastKnownFileType = sourcecode.c.objc; name = IDCConstants.m; path = SRC/IDCCarWash/IDCConstants.m; sourceTree = "<group>"; };
		A286021D1C76080F000E6ED0 /* ObjC */ = {isa = PBXFileReference; explicitFileType = "compiled.mach-o.executable"; includeInIndex = 0; path = ObjC; sourceTree = BUILT_PRODUCTS_DIR; };
		A286021F1C76080F000E6ED0 /* main.m */ = {isa = PBXFileReference; lastKnownFileType = sourcecode.c.objc; path = main.m; sourceTree = "<group>"; };
		A28602251C760884000E6ED0 /* main.c */ = {isa = PBXFileReference; fileEncoding = 4; lastKnownFileType = sourcecode.c.c; path = main.c; sourceTree = "<group>"; };
		A28602281C760884000E6ED0 /* IDCLection2Macros.c */ = {isa = PBXFileReference; fileEncoding = 4; lastKnownFileType = sourcecode.c.c; path = IDCLection2Macros.c; sourceTree = "<group>"; };
		A28602291C760884000E6ED0 /* IDCLection2Macros.h */ = {isa = PBXFileReference; fileEncoding = 4; lastKnownFileType = sourcecode.c.h; path = IDCLection2Macros.h; sourceTree = "<group>"; };
		A286022B1C760884000E6ED0 /* IDCLection3Structure.c */ = {isa = PBXFileReference; fileEncoding = 4; lastKnownFileType = sourcecode.c.c; path = IDCLection3Structure.c; sourceTree = "<group>"; };
		A286022C1C760884000E6ED0 /* IDCLection3Structure.h */ = {isa = PBXFileReference; fileEncoding = 4; lastKnownFileType = sourcecode.c.h; path = IDCLection3Structure.h; sourceTree = "<group>"; };
		A286022E1C760884000E6ED0 /* IDCLection4BitField.c */ = {isa = PBXFileReference; fileEncoding = 4; lastKnownFileType = sourcecode.c.c; path = IDCLection4BitField.c; sourceTree = "<group>"; };
		A286022F1C760884000E6ED0 /* IDCLection4BitField.h */ = {isa = PBXFileReference; fileEncoding = 4; lastKnownFileType = sourcecode.c.h; path = IDCLection4BitField.h; sourceTree = "<group>"; };
		A28602321C760884000E6ED0 /* IDCLection5Enumerator.c */ = {isa = PBXFileReference; fileEncoding = 4; lastKnownFileType = sourcecode.c.c; path = IDCLection5Enumerator.c; sourceTree = "<group>"; };
		A28602331C760884000E6ED0 /* IDCLection5Enumerator.h */ = {isa = PBXFileReference; fileEncoding = 4; lastKnownFileType = sourcecode.c.h; path = IDCLection5Enumerator.h; sourceTree = "<group>"; };
		A28602351C760884000E6ED0 /* IDCLection5LinkedList.c */ = {isa = PBXFileReference; fileEncoding = 4; lastKnownFileType = sourcecode.c.c; path = IDCLection5LinkedList.c; sourceTree = "<group>"; };
		A28602361C760884000E6ED0 /* IDCLection5LinkedList.h */ = {isa = PBXFileReference; fileEncoding = 4; lastKnownFileType = sourcecode.c.h; path = IDCLection5LinkedList.h; sourceTree = "<group>"; };
		A28602381C760884000E6ED0 /* IDCLection5LinkedListPrivateHeader.h */ = {isa = PBXFileReference; fileEncoding = 4; lastKnownFileType = sourcecode.c.h; path = IDCLection5LinkedListPrivateHeader.h; sourceTree = "<group>"; };
		A286023A1C760884000E6ED0 /* IDCLection5Macros.c */ = {isa = PBXFileReference; fileEncoding = 4; lastKnownFileType = sourcecode.c.c; path = IDCLection5Macros.c; sourceTree = "<group>"; };
		A286023B1C760884000E6ED0 /* IDCLection5Macros.h */ = {isa = PBXFileReference; fileEncoding = 4; lastKnownFileType = sourcecode.c.h; path = IDCLection5Macros.h; sourceTree = "<group>"; };
		A286023E1C760884000E6ED0 /* IDCLection5Node.c */ = {isa = PBXFileReference; fileEncoding = 4; lastKnownFileType = sourcecode.c.c; path = IDCLection5Node.c; sourceTree = "<group>"; };
		A286023F1C760884000E6ED0 /* IDCLection5Node.h */ = {isa = PBXFileReference; fileEncoding = 4; lastKnownFileType = sourcecode.c.h; path = IDCLection5Node.h; sourceTree = "<group>"; };
		A28602411C760884000E6ED0 /* IDCLection5Object.c */ = {isa = PBXFileReference; fileEncoding = 4; lastKnownFileType = sourcecode.c.c; path = IDCLection5Object.c; sourceTree = "<group>"; };
		A28602421C760884000E6ED0 /* IDCLection5Object.h */ = {isa = PBXFileReference; fileEncoding = 4; lastKnownFileType = sourcecode.c.h; path = IDCLection5Object.h; sourceTree = "<group>"; };
		A28602441C760884000E6ED0 /* IDCLection5ObjectArray.c */ = {isa = PBXFileReference; fileEncoding = 4; lastKnownFileType = sourcecode.c.c; path = IDCLection5ObjectArray.c; sourceTree = "<group>"; };
		A28602451C760884000E6ED0 /* IDCLection5ObjectArray.h */ = {isa = PBXFileReference; fileEncoding = 4; lastKnownFileType = sourcecode.c.h; path = IDCLection5ObjectArray.h; sourceTree = "<group>"; };
		A28602471C760884000E6ED0 /* IDCLection5ObjectDynamicArray.c */ = {isa = PBXFileReference; fileEncoding = 4; lastKnownFileType = sourcecode.c.c; path = IDCLection5ObjectDynamicArray.c; sourceTree = "<group>"; };
		A28602481C760884000E6ED0 /* IDCLection5ObjectDynamicArray.h */ = {isa = PBXFileReference; fileEncoding = 4; lastKnownFileType = sourcecode.c.h; path = IDCLection5ObjectDynamicArray.h; sourceTree = "<group>"; };
		A286024A1C760884000E6ED0 /* IDCLection5ObjectHuman.c */ = {isa = PBXFileReference; fileEncoding = 4; lastKnownFileType = sourcecode.c.c; path = IDCLection5ObjectHuman.c; sourceTree = "<group>"; };
		A286024B1C760884000E6ED0 /* IDCLection5ObjectHuman.h */ = {isa = PBXFileReference; fileEncoding = 4; lastKnownFileType = sourcecode.c.h; path = IDCLection5ObjectHuman.h; sourceTree = "<group>"; };
		A286024D1C760884000E6ED0 /* IDCLection5ObjectString.c */ = {isa = PBXFileReference; fileEncoding = 4; lastKnownFileType = sourcecode.c.c; path = IDCLection5ObjectString.c; sourceTree = "<group>"; };
		A286024E1C760884000E6ED0 /* IDCLection5ObjectString.h */ = {isa = PBXFileReference; fileEncoding = 4; lastKnownFileType = sourcecode.c.h; path = IDCLection5ObjectString.h; sourceTree = "<group>"; };
		A28602511C760884000E6ED0 /* IDCLection2MacrosTest.c */ = {isa = PBXFileReference; fileEncoding = 4; lastKnownFileType = sourcecode.c.c; path = IDCLection2MacrosTest.c; sourceTree = "<group>"; };
		A28602521C760884000E6ED0 /* IDCLection2MacrosTest.h */ = {isa = PBXFileReference; fileEncoding = 4; lastKnownFileType = sourcecode.c.h; path = IDCLection2MacrosTest.h; sourceTree = "<group>"; };
		A28602541C760884000E6ED0 /* IDCLection3StructureTest.c */ = {isa = PBXFileReference; fileEncoding = 4; lastKnownFileType = sourcecode.c.c; path = IDCLection3StructureTest.c; sourceTree = "<group>"; };
		A28602551C760884000E6ED0 /* IDCLection3StructureTest.h */ = {isa = PBXFileReference; fileEncoding = 4; lastKnownFileType = sourcecode.c.h; path = IDCLection3StructureTest.h; sourceTree = "<group>"; };
		A28602571C760884000E6ED0 /* IDCLection4BitFieldTest.c */ = {isa = PBXFileReference; fileEncoding = 4; lastKnownFileType = sourcecode.c.c; path = IDCLection4BitFieldTest.c; sourceTree = "<group>"; };
		A28602581C760884000E6ED0 /* IDCLection4BitFieldTest.h */ = {isa = PBXFileReference; fileEncoding = 4; lastKnownFileType = sourcecode.c.h; path = IDCLection4BitFieldTest.h; sourceTree = "<group>"; };
		A286025A1C760884000E6ED0 /* IDCLection5ObjectHumanTest.c */ = {isa = PBXFileReference; fileEncoding = 4; lastKnownFileType = sourcecode.c.c; path = IDCLection5ObjectHumanTest.c; sourceTree = "<group>"; };
		A286025B1C760884000E6ED0 /* IDCLection5ObjectHumanTest.h */ = {isa = PBXFileReference; fileEncoding = 4; lastKnownFileType = sourcecode.c.h; path = IDCLection5ObjectHumanTest.h; sourceTree = "<group>"; };
/* End PBXFileReference section */

/* Begin PBXFrameworksBuildPhase section */
		A21ED8561C30C98F00FC8564 /* Frameworks */ = {
			isa = PBXFrameworksBuildPhase;
			buildActionMask = 2147483647;
			files = (
			);
			runOnlyForDeploymentPostprocessing = 0;
		};
		A286021A1C76080F000E6ED0 /* Frameworks */ = {
			isa = PBXFrameworksBuildPhase;
			buildActionMask = 2147483647;
			files = (
			);
			runOnlyForDeploymentPostprocessing = 0;
		};
/* End PBXFrameworksBuildPhase section */

/* Begin PBXGroup section */
		A21ED8501C30C98F00FC8564 = {
			isa = PBXGroup;
			children = (
				A28602241C760884000E6ED0 /* C */,
				A286021E1C76080F000E6ED0 /* ObjC */,
				A21ED85A1C30C98F00FC8564 /* Products */,
			);
			sourceTree = "<group>";
		};
		A21ED85A1C30C98F00FC8564 /* Products */ = {
			isa = PBXGroup;
			children = (
				A21ED8591C30C98F00FC8564 /* C */,
				A286021D1C76080F000E6ED0 /* ObjC */,
			);
			name = Products;
			sourceTree = "<group>";
		};
		A24B910F1C767635004457D5 /* Test */ = {
			isa = PBXGroup;
			children = (
				A28602721C76098A000E6ED0 /* IDCTask1CreatureTest */,
			);
			name = Test;
			sourceTree = "<group>";
		};
		A27BA1031C7B63A200EB007F /* IDCTask2Male */ = {
			isa = PBXGroup;
			children = (
				A27BA1051C7B63ED00EB007F /* IDCMale.h */,
				A27BA1061C7B63ED00EB007F /* IDCMale.m */,
			);
			name = IDCTask2Male;
			sourceTree = "<group>";
		};
		A27BA1041C7B63BD00EB007F /* IDCTask2Female */ = {
			isa = PBXGroup;
			children = (
				A27BA1081C7B641600EB007F /* IDCFemale.h */,
				A27BA1091C7B641600EB007F /* IDCFemale.m */,
			);
			name = IDCTask2Female;
			sourceTree = "<group>";
		};
		A27BA10B1C7F626200EB007F /* IDCCategory */ = {
			isa = PBXGroup;
			children = (
				A2E45FD51C8D9342009F0BEA /* IDCTask5Alphabet */,
				A27BA10C1C7F62ED00EB007F /* NSObject+IDCCategory.h */,
				A27BA1141C7FA4DF00EB007F /* NSString+IDCRandomString.m */,
				A27BA1131C7FA4DF00EB007F /* NSString+IDCRandomString.h */,
				A27BA10D1C7F62ED00EB007F /* NSObject+IDCCategory.m */,
			);
			name = IDCCategory;
			sourceTree = "<group>";
		};
		A27BA10F1C7F6FB200EB007F /*  IDCSupport Files */ = {
			isa = PBXGroup;
			children = (
				A27BA1101C7FA24100EB007F /* IDCObjC-Prefix.pch */,
			);
			name = " IDCSupport Files";
			sourceTree = "<group>";
		};
		A27CD3911C90D82000BBB4F1 /* IDCCarWash */ = {
			isa = PBXGroup;
			children = (
				A27CD3921C90D96700BBB4F1 /* IDCEnterprise.h */,
				A27CD3931C90D96700BBB4F1 /* IDCEnterprise.m */,
				A27CD3951C90D99000BBB4F1 /* IDCWorker.h */,
				A27CD3961C90D99000BBB4F1 /* IDCWorker.m */,
				A27CD3981C90D9AA00BBB4F1 /* IDCCar.h */,
				A27CD3991C90D9AA00BBB4F1 /* IDCCar.m */,
				A27CD39C1C90E2D000BBB4F1 /* IDCConstants.h */,
				A27CD39D1C90E2D000BBB4F1 /* IDCConstants.m */,
			);
			name = IDCCarWash;
			sourceTree = "<group>";
		};
		A286021E1C76080F000E6ED0 /* ObjC */ = {
			isa = PBXGroup;
			children = (
				A24B910F1C767635004457D5 /* Test */,
				A28602701C76096E000E6ED0 /* SRC */,
				A286021F1C76080F000E6ED0 /* main.m */,
			);
			path = ObjC;
			sourceTree = "<group>";
		};
		A28602241C760884000E6ED0 /* C */ = {
			isa = PBXGroup;
			children = (
				A28602251C760884000E6ED0 /* main.c */,
				A28602261C760884000E6ED0 /* SRC */,
				A286024F1C760884000E6ED0 /* Test */,
			);
			path = C;
			sourceTree = "<group>";
		};
		A28602261C760884000E6ED0 /* SRC */ = {
			isa = PBXGroup;
			children = (
				A28602271C760884000E6ED0 /* IDCLection2Macros */,
				A286022A1C760884000E6ED0 /* IDCLection3Structure */,
				A286022D1C760884000E6ED0 /* IDCLection4BitField */,
				A28602301C760884000E6ED0 /* IDCLection5Context */,
				A28602311C760884000E6ED0 /* IDCLection5Enumerator */,
				A28602341C760884000E6ED0 /* IDCLection5LinkedList */,
				A28602371C760884000E6ED0 /* IDClection5LinkedListPrivateHeader */,
				A28602391C760884000E6ED0 /* IDCLection5Macro */,
				A286023C1C760884000E6ED0 /* IDCLection5MutableCount */,
				A286023D1C760884000E6ED0 /* IDCLection5Node */,
				A28602401C760884000E6ED0 /* IDCLection5Object */,
				A28602431C760884000E6ED0 /* IDCLection5ObjectArray */,
				A28602461C760884000E6ED0 /* IDCLection5ObjectDynamicArray */,
				A28602491C760884000E6ED0 /* IDCLection5ObjectHuman */,
				A286024C1C760884000E6ED0 /* IDCLection5ObjectString */,
			);
			path = SRC;
			sourceTree = "<group>";
		};
		A28602271C760884000E6ED0 /* IDCLection2Macros */ = {
			isa = PBXGroup;
			children = (
				A28602281C760884000E6ED0 /* IDCLection2Macros.c */,
				A28602291C760884000E6ED0 /* IDCLection2Macros.h */,
			);
			path = IDCLection2Macros;
			sourceTree = "<group>";
		};
		A286022A1C760884000E6ED0 /* IDCLection3Structure */ = {
			isa = PBXGroup;
			children = (
				A286022B1C760884000E6ED0 /* IDCLection3Structure.c */,
				A286022C1C760884000E6ED0 /* IDCLection3Structure.h */,
			);
			path = IDCLection3Structure;
			sourceTree = "<group>";
		};
		A286022D1C760884000E6ED0 /* IDCLection4BitField */ = {
			isa = PBXGroup;
			children = (
				A286022E1C760884000E6ED0 /* IDCLection4BitField.c */,
				A286022F1C760884000E6ED0 /* IDCLection4BitField.h */,
			);
			path = IDCLection4BitField;
			sourceTree = "<group>";
		};
		A28602301C760884000E6ED0 /* IDCLection5Context */ = {
			isa = PBXGroup;
			children = (
			);
			path = IDCLection5Context;
			sourceTree = "<group>";
		};
		A28602311C760884000E6ED0 /* IDCLection5Enumerator */ = {
			isa = PBXGroup;
			children = (
				A28602321C760884000E6ED0 /* IDCLection5Enumerator.c */,
				A28602331C760884000E6ED0 /* IDCLection5Enumerator.h */,
			);
			path = IDCLection5Enumerator;
			sourceTree = "<group>";
		};
		A28602341C760884000E6ED0 /* IDCLection5LinkedList */ = {
			isa = PBXGroup;
			children = (
				A28602351C760884000E6ED0 /* IDCLection5LinkedList.c */,
				A28602361C760884000E6ED0 /* IDCLection5LinkedList.h */,
			);
			path = IDCLection5LinkedList;
			sourceTree = "<group>";
		};
		A28602371C760884000E6ED0 /* IDClection5LinkedListPrivateHeader */ = {
			isa = PBXGroup;
			children = (
				A28602381C760884000E6ED0 /* IDCLection5LinkedListPrivateHeader.h */,
			);
			path = IDClection5LinkedListPrivateHeader;
			sourceTree = "<group>";
		};
		A28602391C760884000E6ED0 /* IDCLection5Macro */ = {
			isa = PBXGroup;
			children = (
				A286023A1C760884000E6ED0 /* IDCLection5Macros.c */,
				A286023B1C760884000E6ED0 /* IDCLection5Macros.h */,
			);
			path = IDCLection5Macro;
			sourceTree = "<group>";
		};
		A286023C1C760884000E6ED0 /* IDCLection5MutableCount */ = {
			isa = PBXGroup;
			children = (
			);
			path = IDCLection5MutableCount;
			sourceTree = "<group>";
		};
		A286023D1C760884000E6ED0 /* IDCLection5Node */ = {
			isa = PBXGroup;
			children = (
				A286023E1C760884000E6ED0 /* IDCLection5Node.c */,
				A286023F1C760884000E6ED0 /* IDCLection5Node.h */,
			);
			path = IDCLection5Node;
			sourceTree = "<group>";
		};
		A28602401C760884000E6ED0 /* IDCLection5Object */ = {
			isa = PBXGroup;
			children = (
				A28602411C760884000E6ED0 /* IDCLection5Object.c */,
				A28602421C760884000E6ED0 /* IDCLection5Object.h */,
			);
			path = IDCLection5Object;
			sourceTree = "<group>";
		};
		A28602431C760884000E6ED0 /* IDCLection5ObjectArray */ = {
			isa = PBXGroup;
			children = (
				A28602441C760884000E6ED0 /* IDCLection5ObjectArray.c */,
				A28602451C760884000E6ED0 /* IDCLection5ObjectArray.h */,
			);
			path = IDCLection5ObjectArray;
			sourceTree = "<group>";
		};
		A28602461C760884000E6ED0 /* IDCLection5ObjectDynamicArray */ = {
			isa = PBXGroup;
			children = (
				A28602471C760884000E6ED0 /* IDCLection5ObjectDynamicArray.c */,
				A28602481C760884000E6ED0 /* IDCLection5ObjectDynamicArray.h */,
			);
			path = IDCLection5ObjectDynamicArray;
			sourceTree = "<group>";
		};
		A28602491C760884000E6ED0 /* IDCLection5ObjectHuman */ = {
			isa = PBXGroup;
			children = (
				A286024A1C760884000E6ED0 /* IDCLection5ObjectHuman.c */,
				A286024B1C760884000E6ED0 /* IDCLection5ObjectHuman.h */,
			);
			path = IDCLection5ObjectHuman;
			sourceTree = "<group>";
		};
		A286024C1C760884000E6ED0 /* IDCLection5ObjectString */ = {
			isa = PBXGroup;
			children = (
				A286024D1C760884000E6ED0 /* IDCLection5ObjectString.c */,
				A286024E1C760884000E6ED0 /* IDCLection5ObjectString.h */,
			);
			path = IDCLection5ObjectString;
			sourceTree = "<group>";
		};
		A286024F1C760884000E6ED0 /* Test */ = {
			isa = PBXGroup;
			children = (
				A28602501C760884000E6ED0 /* IDCLection2MacrosTest */,
				A28602531C760884000E6ED0 /* IDCLection3StructureTest */,
				A28602561C760884000E6ED0 /* IDCLection4BitFieldTest */,
				A28602591C760884000E6ED0 /* IDCLection5ObjectHumanTest */,
			);
			path = Test;
			sourceTree = "<group>";
		};
		A28602501C760884000E6ED0 /* IDCLection2MacrosTest */ = {
			isa = PBXGroup;
			children = (
				A28602511C760884000E6ED0 /* IDCLection2MacrosTest.c */,
				A28602521C760884000E6ED0 /* IDCLection2MacrosTest.h */,
			);
			path = IDCLection2MacrosTest;
			sourceTree = "<group>";
		};
		A28602531C760884000E6ED0 /* IDCLection3StructureTest */ = {
			isa = PBXGroup;
			children = (
				A28602541C760884000E6ED0 /* IDCLection3StructureTest.c */,
				A28602551C760884000E6ED0 /* IDCLection3StructureTest.h */,
			);
			path = IDCLection3StructureTest;
			sourceTree = "<group>";
		};
		A28602561C760884000E6ED0 /* IDCLection4BitFieldTest */ = {
			isa = PBXGroup;
			children = (
				A28602571C760884000E6ED0 /* IDCLection4BitFieldTest.c */,
				A28602581C760884000E6ED0 /* IDCLection4BitFieldTest.h */,
			);
			path = IDCLection4BitFieldTest;
			sourceTree = "<group>";
		};
		A28602591C760884000E6ED0 /* IDCLection5ObjectHumanTest */ = {
			isa = PBXGroup;
			children = (
				A286025A1C760884000E6ED0 /* IDCLection5ObjectHumanTest.c */,
				A286025B1C760884000E6ED0 /* IDCLection5ObjectHumanTest.h */,
			);
			path = IDCLection5ObjectHumanTest;
			sourceTree = "<group>";
		};
		A28602701C76096E000E6ED0 /* SRC */ = {
			isa = PBXGroup;
			children = (
				A27CD3911C90D82000BBB4F1 /* IDCCarWash */,
				A27BA10F1C7F6FB200EB007F /*  IDCSupport Files */,
				A27BA10B1C7F626200EB007F /* IDCCategory */,
				A27BA1041C7B63BD00EB007F /* IDCTask2Female */,
				A27BA1031C7B63A200EB007F /* IDCTask2Male */,
				A28602711C76097E000E6ED0 /* IDCTask1Creature */,
			);
			name = SRC;
			sourceTree = "<group>";
		};
		A28602711C76097E000E6ED0 /* IDCTask1Creature */ = {
			isa = PBXGroup;
			children = (
				A27BA0FD1C7B0CF300EB007F /* IDCCreature.h */,
				A27BA0FE1C7B0CF300EB007F /* IDCCreature.m */,
			);
			name = IDCTask1Creature;
			sourceTree = "<group>";
		};
		A28602721C76098A000E6ED0 /* IDCTask1CreatureTest */ = {
			isa = PBXGroup;
			children = (
				A27BA1001C7B0D3B00EB007F /* IDCCreatureTest.h */,
				A27BA1011C7B0D3B00EB007F /* IDCCreatureTest.m */,
			);
			name = IDCTask1CreatureTest;
			sourceTree = "<group>";
		};
		A2E45FD51C8D9342009F0BEA /* IDCTask5Alphabet */ = {
			isa = PBXGroup;
			children = (
				A2E45FD61C8D944D009F0BEA /* Private */,
				A24350E21C8D9FF100EE188F /* IDCAlphabet.h */,
				A24350E31C8D9FF100EE188F /* IDCAlphabet.m */,
			);
			name = IDCTask5Alphabet;
			sourceTree = "<group>";
		};
		A2E45FD61C8D944D009F0BEA /* Private */ = {
			isa = PBXGroup;
			children = (
				A24350E51C8DA03C00EE188F /* IDCRangeAlphabet.h */,
				A24350E61C8DA03C00EE188F /* IDCRangeAlphabet.m */,
				A24350E81C8DA05100EE188F /* IDCStringAlphabet.h */,
				A24350E91C8DA05100EE188F /* IDCStringAlphabet.m */,
				A24350EB1C8DA06500EE188F /* IDCClusterAlphabet.h */,
				A24350EC1C8DA06500EE188F /* IDCClusterAlphabet.m */,
			);
			name = Private;
			sourceTree = "<group>";
		};
/* End PBXGroup section */

/* Begin PBXNativeTarget section */
		A21ED8581C30C98F00FC8564 /* C */ = {
			isa = PBXNativeTarget;
			buildConfigurationList = A21ED8601C30C98F00FC8564 /* Build configuration list for PBXNativeTarget "C" */;
			buildPhases = (
				A21ED8551C30C98F00FC8564 /* Sources */,
				A21ED8561C30C98F00FC8564 /* Frameworks */,
				A21ED8571C30C98F00FC8564 /* CopyFiles */,
			);
			buildRules = (
			);
			dependencies = (
			);
			name = C;
			productName = "IDC GitHub";
			productReference = A21ED8591C30C98F00FC8564 /* C */;
			productType = "com.apple.product-type.tool";
		};
		A286021C1C76080F000E6ED0 /* ObjC */ = {
			isa = PBXNativeTarget;
			buildConfigurationList = A28602211C76080F000E6ED0 /* Build configuration list for PBXNativeTarget "ObjC" */;
			buildPhases = (
				A28602191C76080F000E6ED0 /* Sources */,
				A286021A1C76080F000E6ED0 /* Frameworks */,
				A286021B1C76080F000E6ED0 /* CopyFiles */,
			);
			buildRules = (
			);
			dependencies = (
			);
			name = ObjC;
			productName = ObjC;
			productReference = A286021D1C76080F000E6ED0 /* ObjC */;
			productType = "com.apple.product-type.tool";
		};
/* End PBXNativeTarget section */

/* Begin PBXProject section */
		A21ED8511C30C98F00FC8564 /* Project object */ = {
			isa = PBXProject;
			attributes = {
				LastUpgradeCheck = 0720;
				ORGANIZATIONNAME = "Alexandr Altukhov";
				TargetAttributes = {
					A21ED8581C30C98F00FC8564 = {
						CreatedOnToolsVersion = 7.2;
					};
					A286021C1C76080F000E6ED0 = {
						CreatedOnToolsVersion = 7.2.1;
					};
				};
			};
			buildConfigurationList = A21ED8541C30C98F00FC8564 /* Build configuration list for PBXProject "IDC GitHub" */;
			compatibilityVersion = "Xcode 3.2";
			developmentRegion = English;
			hasScannedForEncodings = 0;
			knownRegions = (
				en,
			);
			mainGroup = A21ED8501C30C98F00FC8564;
			productRefGroup = A21ED85A1C30C98F00FC8564 /* Products */;
			projectDirPath = "";
			projectRoot = "";
			targets = (
				A21ED8581C30C98F00FC8564 /* C */,
				A286021C1C76080F000E6ED0 /* ObjC */,
			);
		};
/* End PBXProject section */

/* Begin PBXSourcesBuildPhase section */
		A21ED8551C30C98F00FC8564 /* Sources */ = {
			isa = PBXSourcesBuildPhase;
			buildActionMask = 2147483647;
			files = (
				A286026C1C760884000E6ED0 /* IDCLection5ObjectHumanTest.c in Sources */,
				A28602671C760884000E6ED0 /* IDCLection5ObjectHuman.c in Sources */,
				A286025E1C760884000E6ED0 /* IDCLection3Structure.c in Sources */,
				A28602641C760884000E6ED0 /* IDCLection5Object.c in Sources */,
				A28602681C760884000E6ED0 /* IDCLection5ObjectString.c in Sources */,
				A286025C1C760884000E6ED0 /* main.c in Sources */,
				A286026A1C760884000E6ED0 /* IDCLection3StructureTest.c in Sources */,
				A28602611C760884000E6ED0 /* IDCLection5LinkedList.c in Sources */,
				A28602631C760884000E6ED0 /* IDCLection5Node.c in Sources */,
				A28602691C760884000E6ED0 /* IDCLection2MacrosTest.c in Sources */,
				A286025D1C760884000E6ED0 /* IDCLection2Macros.c in Sources */,
				A28602651C760884000E6ED0 /* IDCLection5ObjectArray.c in Sources */,
				A286025F1C760884000E6ED0 /* IDCLection4BitField.c in Sources */,
				A28602661C760884000E6ED0 /* IDCLection5ObjectDynamicArray.c in Sources */,
				A28602621C760884000E6ED0 /* IDCLection5Macros.c in Sources */,
				A28602601C760884000E6ED0 /* IDCLection5Enumerator.c in Sources */,
				A286026B1C760884000E6ED0 /* IDCLection4BitFieldTest.c in Sources */,
			);
			runOnlyForDeploymentPostprocessing = 0;
		};
		A28602191C76080F000E6ED0 /* Sources */ = {
			isa = PBXSourcesBuildPhase;
			buildActionMask = 2147483647;
			files = (
				A27BA1151C7FA4DF00EB007F /* NSString+IDCRandomString.m in Sources */,
				A28602201C76080F000E6ED0 /* main.m in Sources */,
				A24350EA1C8DA05100EE188F /* IDCStringAlphabet.m in Sources */,
				A27CD3941C90D96700BBB4F1 /* IDCEnterprise.m in Sources */,
				A24350ED1C8DA06500EE188F /* IDCClusterAlphabet.m in Sources */,
				A27BA0FF1C7B0CF300EB007F /* IDCCreature.m in Sources */,
				A27BA10E1C7F62ED00EB007F /* NSObject+IDCCategory.m in Sources */,
				A27BA1021C7B0D3B00EB007F /* IDCCreatureTest.m in Sources */,
				A24350E41C8D9FF100EE188F /* IDCAlphabet.m in Sources */,
				A27CD3971C90D99000BBB4F1 /* IDCWorker.m in Sources */,
				A27BA1071C7B63ED00EB007F /* IDCMale.m in Sources */,
				A27CD39E1C90E2D000BBB4F1 /* IDCConstants.m in Sources */,
				A27CD39A1C90D9AA00BBB4F1 /* IDCCar.m in Sources */,
				A24350E71C8DA03C00EE188F /* IDCRangeAlphabet.m in Sources */,
				A27BA10A1C7B641600EB007F /* IDCFemale.m in Sources */,
			);
			runOnlyForDeploymentPostprocessing = 0;
		};
/* End PBXSourcesBuildPhase section */

/* Begin XCBuildConfiguration section */
		A21ED85E1C30C98F00FC8564 /* Debug */ = {
			isa = XCBuildConfiguration;
			buildSettings = {
				ALWAYS_SEARCH_USER_PATHS = NO;
				CLANG_CXX_LANGUAGE_STANDARD = "gnu++0x";
				CLANG_CXX_LIBRARY = "libc++";
				CLANG_ENABLE_MODULES = YES;
				CLANG_ENABLE_OBJC_ARC = YES;
				CLANG_WARN_BOOL_CONVERSION = YES;
				CLANG_WARN_CONSTANT_CONVERSION = YES;
				CLANG_WARN_DIRECT_OBJC_ISA_USAGE = YES_ERROR;
				CLANG_WARN_EMPTY_BODY = YES;
				CLANG_WARN_ENUM_CONVERSION = YES;
				CLANG_WARN_INT_CONVERSION = YES;
				CLANG_WARN_OBJC_ROOT_CLASS = YES_ERROR;
				CLANG_WARN_UNREACHABLE_CODE = YES;
				CLANG_WARN__DUPLICATE_METHOD_MATCH = YES;
				CODE_SIGN_IDENTITY = "-";
				COPY_PHASE_STRIP = NO;
				DEBUG_INFORMATION_FORMAT = dwarf;
				ENABLE_STRICT_OBJC_MSGSEND = YES;
				ENABLE_TESTABILITY = YES;
				GCC_C_LANGUAGE_STANDARD = gnu99;
				GCC_DYNAMIC_NO_PIC = NO;
				GCC_NO_COMMON_BLOCKS = YES;
				GCC_OPTIMIZATION_LEVEL = 0;
				GCC_PREPROCESSOR_DEFINITIONS = (
					"DEBUG=1",
					"$(inherited)",
				);
				GCC_WARN_64_TO_32_BIT_CONVERSION = YES;
				GCC_WARN_ABOUT_RETURN_TYPE = YES_ERROR;
				GCC_WARN_UNDECLARED_SELECTOR = YES;
				GCC_WARN_UNINITIALIZED_AUTOS = YES_AGGRESSIVE;
				GCC_WARN_UNUSED_FUNCTION = YES;
				GCC_WARN_UNUSED_VARIABLE = YES;
				MACOSX_DEPLOYMENT_TARGET = 10.11;
				MTL_ENABLE_DEBUG_INFO = YES;
				ONLY_ACTIVE_ARCH = YES;
				SDKROOT = macosx10.11;
			};
			name = Debug;
		};
		A21ED85F1C30C98F00FC8564 /* Release */ = {
			isa = XCBuildConfiguration;
			buildSettings = {
				ALWAYS_SEARCH_USER_PATHS = NO;
				CLANG_CXX_LANGUAGE_STANDARD = "gnu++0x";
				CLANG_CXX_LIBRARY = "libc++";
				CLANG_ENABLE_MODULES = YES;
				CLANG_ENABLE_OBJC_ARC = YES;
				CLANG_WARN_BOOL_CONVERSION = YES;
				CLANG_WARN_CONSTANT_CONVERSION = YES;
				CLANG_WARN_DIRECT_OBJC_ISA_USAGE = YES_ERROR;
				CLANG_WARN_EMPTY_BODY = YES;
				CLANG_WARN_ENUM_CONVERSION = YES;
				CLANG_WARN_INT_CONVERSION = YES;
				CLANG_WARN_OBJC_ROOT_CLASS = YES_ERROR;
				CLANG_WARN_UNREACHABLE_CODE = YES;
				CLANG_WARN__DUPLICATE_METHOD_MATCH = YES;
				CODE_SIGN_IDENTITY = "-";
				COPY_PHASE_STRIP = NO;
				DEBUG_INFORMATION_FORMAT = "dwarf-with-dsym";
				ENABLE_NS_ASSERTIONS = NO;
				ENABLE_STRICT_OBJC_MSGSEND = YES;
				GCC_C_LANGUAGE_STANDARD = gnu99;
				GCC_NO_COMMON_BLOCKS = YES;
				GCC_WARN_64_TO_32_BIT_CONVERSION = YES;
				GCC_WARN_ABOUT_RETURN_TYPE = YES_ERROR;
				GCC_WARN_UNDECLARED_SELECTOR = YES;
				GCC_WARN_UNINITIALIZED_AUTOS = YES_AGGRESSIVE;
				GCC_WARN_UNUSED_FUNCTION = YES;
				GCC_WARN_UNUSED_VARIABLE = YES;
				MACOSX_DEPLOYMENT_TARGET = 10.11;
				MTL_ENABLE_DEBUG_INFO = NO;
				ONLY_ACTIVE_ARCH = YES;
				SDKROOT = macosx10.11;
			};
			name = Release;
		};
		A21ED8611C30C98F00FC8564 /* Debug */ = {
			isa = XCBuildConfiguration;
			buildSettings = {
				PRODUCT_NAME = "$(TARGET_NAME)";
			};
			name = Debug;
		};
		A21ED8621C30C98F00FC8564 /* Release */ = {
			isa = XCBuildConfiguration;
			buildSettings = {
				PRODUCT_NAME = "$(TARGET_NAME)";
			};
			name = Release;
		};
		A28602221C76080F000E6ED0 /* Debug */ = {
			isa = XCBuildConfiguration;
			buildSettings = {
				CLANG_ENABLE_OBJC_ARC = NO;
				EXECUTABLE_PREFIX = "";
				GCC_INCREASE_PRECOMPILED_HEADER_SHARING = YES;
				GCC_PRECOMPILE_PREFIX_HEADER = YES;
				GCC_PREFIX_HEADER = "/Users/Altukhov/Documents/Курсы/Программирование/IDC GitHub/ObjC/SRC/IDCCategory/NSObject+IDCCategory.h";
				PRODUCT_NAME = "$(TARGET_NAME)";
				SDKROOT = macosx;
			};
			name = Debug;
		};
		A28602231C76080F000E6ED0 /* Release */ = {
			isa = XCBuildConfiguration;
			buildSettings = {
				CLANG_ENABLE_OBJC_ARC = NO;
				EXECUTABLE_PREFIX = "";
				GCC_INCREASE_PRECOMPILED_HEADER_SHARING = YES;
				GCC_OPTIMIZATION_LEVEL = s;
				GCC_PRECOMPILE_PREFIX_HEADER = YES;
				GCC_PREFIX_HEADER = "/Users/Altukhov/Documents/Курсы/Программирование/IDC GitHub/ObjC/SRC/IDCCategory/NSObject+IDCCategory.h";
				PRODUCT_NAME = "$(TARGET_NAME)";
				SDKROOT = macosx;
			};
			name = Release;
		};
/* End XCBuildConfiguration section */

/* Begin XCConfigurationList section */
		A21ED8541C30C98F00FC8564 /* Build configuration list for PBXProject "IDC GitHub" */ = {
			isa = XCConfigurationList;
			buildConfigurations = (
				A21ED85E1C30C98F00FC8564 /* Debug */,
				A21ED85F1C30C98F00FC8564 /* Release */,
			);
			defaultConfigurationIsVisible = 0;
			defaultConfigurationName = Release;
		};
		A21ED8601C30C98F00FC8564 /* Build configuration list for PBXNativeTarget "C" */ = {
			isa = XCConfigurationList;
			buildConfigurations = (
				A21ED8611C30C98F00FC8564 /* Debug */,
				A21ED8621C30C98F00FC8564 /* Release */,
			);
			defaultConfigurationIsVisible = 0;
			defaultConfigurationName = Release;
		};
		A28602211C76080F000E6ED0 /* Build configuration list for PBXNativeTarget "ObjC" */ = {
			isa = XCConfigurationList;
			buildConfigurations = (
				A28602221C76080F000E6ED0 /* Debug */,
				A28602231C76080F000E6ED0 /* Release */,
			);
			defaultConfigurationIsVisible = 0;
			defaultConfigurationName = Release;
		};
/* End XCConfigurationList section */
	};
	rootObject = A21ED8511C30C98F00FC8564 /* Project object */;
}
